// !$*UTF8*$!
{
	archiveVersion = 1;
	classes = {
	};
	objectVersion = 46;
	objects = {

/* Begin PBXBuildFile section */
		7E00D37C1B4D68720031D045 /* libHLJXmppWebSocket.a in Frameworks */ = {isa = PBXBuildFile; fileRef = 7E00D3701B4D68720031D045 /* libHLJXmppWebSocket.a */; };
		7E1962451B55995E00D4CD32 /* HJBindResponseParser.m in Sources */ = {isa = PBXBuildFile; fileRef = 7E1962441B55995E00D4CD32 /* HJBindResponseParser.m */; };
		7E226F4E1B50060C00E9B35C /* libKissXML-iOS.a in Frameworks */ = {isa = PBXBuildFile; fileRef = 7E45D2661B500525001F9ECC /* libKissXML-iOS.a */; };
		7E226F4F1B50060C00E9B35C /* libSocketRocket.a in Frameworks */ = {isa = PBXBuildFile; fileRef = 7E45D2711B500530001F9ECC /* libSocketRocket.a */; };
		7E226F501B50060C00E9B35C /* libXmppFrameworkParsers.a in Frameworks */ = {isa = PBXBuildFile; fileRef = 7E226F3F1B50057400E9B35C /* libXmppFrameworkParsers.a */; };
		7E226F521B5008FB00E9B35C /* libxml2.dylib in Frameworks */ = {isa = PBXBuildFile; fileRef = 7E226F511B5008FB00E9B35C /* libxml2.dylib */; };
		7E226F541B50091100E9B35C /* libidn.a in Frameworks */ = {isa = PBXBuildFile; fileRef = 7E226F531B50091100E9B35C /* libidn.a */; };
		7E226F581B50095100E9B35C /* libicucore.dylib in Frameworks */ = {isa = PBXBuildFile; fileRef = 7E226F571B50095100E9B35C /* libicucore.dylib */; };
		7E226F671B500E6C00E9B35C /* libLinqToObjectiveC.a in Frameworks */ = {isa = PBXBuildFile; fileRef = 7E226F601B500E5D00E9B35C /* libLinqToObjectiveC.a */; };
		7E226F6B1B501BEF00E9B35C /* HLJWebSocketTransportForXmpp.m in Sources */ = {isa = PBXBuildFile; fileRef = 7E226F6A1B501BEF00E9B35C /* HLJWebSocketTransportForXmpp.m */; };
		7E26D5CF1B4EA94D0030F2DD /* HJXmppClientImpl.mm in Sources */ = {isa = PBXBuildFile; fileRef = 7E26D5CE1B4EA94D0030F2DD /* HJXmppClientImpl.mm */; };
		7E4596FA1B54087A001AD170 /* libc++.dylib in Frameworks */ = {isa = PBXBuildFile; fileRef = 7E4596F91B54087A001AD170 /* libc++.dylib */; };
		7E4596FC1B54217F001AD170 /* libiconv.dylib in Frameworks */ = {isa = PBXBuildFile; fileRef = 7E4596FB1B54217F001AD170 /* libiconv.dylib */; };
		7E45D25E1B500388001F9ECC /* HLJWebSocketAuthIntegrationTest.m in Sources */ = {isa = PBXBuildFile; fileRef = 7E45D25D1B500388001F9ECC /* HLJWebSocketAuthIntegrationTest.m */; };
		7EB9C4131B559C5200F94871 /* HJXmppBindParserError.m in Sources */ = {isa = PBXBuildFile; fileRef = 7EB9C4121B559C5200F94871 /* HJXmppBindParserError.m */; };
		7EB9C41E1B559E8100F94871 /* HJSessionResponseParser.m in Sources */ = {isa = PBXBuildFile; fileRef = 7EB9C41D1B559E8100F94871 /* HJSessionResponseParser.m */; };
		7EB9C4211B559FE700F94871 /* HJXmppSessionResponseError.m in Sources */ = {isa = PBXBuildFile; fileRef = 7EB9C4201B559FE700F94871 /* HJXmppSessionResponseError.m */; };
		7EB9C4241B55A24600F94871 /* HJHistoryFailParser.m in Sources */ = {isa = PBXBuildFile; fileRef = 7EB9C4231B55A24600F94871 /* HJHistoryFailParser.m */; };
		7EB9C4271B55A40D00F94871 /* HJMessageDetector.m in Sources */ = {isa = PBXBuildFile; fileRef = 7EB9C4261B55A40D00F94871 /* HJMessageDetector.m */; };
		7EB9C42A1B55A8F500F94871 /* HJFinMessageParser.m in Sources */ = {isa = PBXBuildFile; fileRef = 7EB9C4291B55A8F500F94871 /* HJFinMessageParser.m */; };
		7EB9C42D1B55A9DC00F94871 /* HJHistoryMessageParser.m in Sources */ = {isa = PBXBuildFile; fileRef = 7EB9C42C1B55A9DC00F94871 /* HJHistoryMessageParser.m */; };
		7EEDFFBA1B55335A0093DE7E /* HJChatHistoryRequestBuilder.m in Sources */ = {isa = PBXBuildFile; fileRef = 7EEDFFB91B55335A0093DE7E /* HJChatHistoryRequestBuilder.m */; };
		7EEDFFBE1B5537910093DE7E /* HJRandomizerImpl.m in Sources */ = {isa = PBXBuildFile; fileRef = 7EEDFFBD1B5537910093DE7E /* HJRandomizerImpl.m */; };
		7EFDD7CA1B55514400430942 /* HJXmppErrorBase.m in Sources */ = {isa = PBXBuildFile; fileRef = 7EFDD7C91B55514400430942 /* HJXmppErrorBase.m */; };
		7EFDD7CD1B55516200430942 /* HJXmppErrorForHistory.m in Sources */ = {isa = PBXBuildFile; fileRef = 7EFDD7CC1B55516200430942 /* HJXmppErrorForHistory.m */; };
/* End PBXBuildFile section */

/* Begin PBXContainerItemProxy section */
		7E00D37D1B4D68720031D045 /* PBXContainerItemProxy */ = {
			isa = PBXContainerItemProxy;
			containerPortal = 7E00D3681B4D68720031D045 /* Project object */;
			proxyType = 1;
			remoteGlobalIDString = 7E00D36F1B4D68720031D045;
			remoteInfo = HLJXmppWebSocket;
		};
		7E226F3E1B50057400E9B35C /* PBXContainerItemProxy */ = {
			isa = PBXContainerItemProxy;
			containerPortal = 7E26D5BE1B4EA1E10030F2DD /* XmppFrameworkParsers.xcodeproj */;
			proxyType = 2;
			remoteGlobalIDString = 7E7721001B4D84130082FA43;
			remoteInfo = XmppFrameworkParsers;
		};
		7E226F401B50057400E9B35C /* PBXContainerItemProxy */ = {
			isa = PBXContainerItemProxy;
			containerPortal = 7E26D5BE1B4EA1E10030F2DD /* XmppFrameworkParsers.xcodeproj */;
			proxyType = 2;
			remoteGlobalIDString = 7E77210B1B4D84130082FA43;
			remoteInfo = XmppFrameworkParsersTests;
		};
		7E226F481B5005FB00E9B35C /* PBXContainerItemProxy */ = {
			isa = PBXContainerItemProxy;
			containerPortal = 7E45D2671B500530001F9ECC /* SocketRocket.xcodeproj */;
			proxyType = 1;
			remoteGlobalIDString = F6B2082C1450F597009315AF;
			remoteInfo = SocketRocket;
		};
		7E226F4A1B5005FB00E9B35C /* PBXContainerItemProxy */ = {
			isa = PBXContainerItemProxy;
			containerPortal = 7E4F126B1B4FCB75001F1769 /* KissXML-iOS.xcodeproj */;
			proxyType = 1;
			remoteGlobalIDString = 7E7720B71B4D75740082FA43;
			remoteInfo = "KissXML-iOS";
		};
		7E226F4C1B5005FB00E9B35C /* PBXContainerItemProxy */ = {
			isa = PBXContainerItemProxy;
			containerPortal = 7E26D5BE1B4EA1E10030F2DD /* XmppFrameworkParsers.xcodeproj */;
			proxyType = 1;
			remoteGlobalIDString = 7E7720FF1B4D84130082FA43;
			remoteInfo = XmppFrameworkParsers;
		};
		7E226F5F1B500E5D00E9B35C /* PBXContainerItemProxy */ = {
			isa = PBXContainerItemProxy;
			containerPortal = 7E226F591B500E5D00E9B35C /* LinqToObjectiveC.xcodeproj */;
			proxyType = 2;
			remoteGlobalIDString = 7E8F43811A8B92D5000F5D01;
			remoteInfo = LinqToObjectiveC;
		};
		7E226F611B500E5D00E9B35C /* PBXContainerItemProxy */ = {
			isa = PBXContainerItemProxy;
			containerPortal = 7E226F591B500E5D00E9B35C /* LinqToObjectiveC.xcodeproj */;
			proxyType = 2;
			remoteGlobalIDString = 7EEE35A81AB4711000668C3E;
			remoteInfo = "LinqToObjectiveC-iOS-dynamic";
		};
		7E226F631B500E5D00E9B35C /* PBXContainerItemProxy */ = {
			isa = PBXContainerItemProxy;
			containerPortal = 7E226F591B500E5D00E9B35C /* LinqToObjectiveC.xcodeproj */;
			proxyType = 2;
			remoteGlobalIDString = 7EEE35CB1AB4718500668C3E;
			remoteInfo = "LinqToObjectiveC-iOS-static";
		};
		7E226F651B500E6600E9B35C /* PBXContainerItemProxy */ = {
			isa = PBXContainerItemProxy;
			containerPortal = 7E226F591B500E5D00E9B35C /* LinqToObjectiveC.xcodeproj */;
			proxyType = 1;
			remoteGlobalIDString = 7E8F43801A8B92D5000F5D01;
			remoteInfo = LinqToObjectiveC;
		};
		7E45D2651B500525001F9ECC /* PBXContainerItemProxy */ = {
			isa = PBXContainerItemProxy;
			containerPortal = 7E4F126B1B4FCB75001F1769 /* KissXML-iOS.xcodeproj */;
			proxyType = 2;
			remoteGlobalIDString = 7E7720B81B4D75740082FA43;
			remoteInfo = "KissXML-iOS";
		};
		7E45D2701B500530001F9ECC /* PBXContainerItemProxy */ = {
			isa = PBXContainerItemProxy;
			containerPortal = 7E45D2671B500530001F9ECC /* SocketRocket.xcodeproj */;
			proxyType = 2;
			remoteGlobalIDString = F6B2082D1450F597009315AF;
			remoteInfo = SocketRocket;
		};
		7E45D2721B500530001F9ECC /* PBXContainerItemProxy */ = {
			isa = PBXContainerItemProxy;
			containerPortal = 7E45D2671B500530001F9ECC /* SocketRocket.xcodeproj */;
			proxyType = 2;
			remoteGlobalIDString = F668C880153E91210044DBAC;
			remoteInfo = SocketRocketOSX;
		};
		7E45D2741B500530001F9ECC /* PBXContainerItemProxy */ = {
			isa = PBXContainerItemProxy;
			containerPortal = 7E45D2671B500530001F9ECC /* SocketRocket.xcodeproj */;
			proxyType = 2;
			remoteGlobalIDString = F6BDA802145900D200FE3253;
			remoteInfo = SRWebSocketTests;
		};
		7E45D2761B500530001F9ECC /* PBXContainerItemProxy */ = {
			isa = PBXContainerItemProxy;
			containerPortal = 7E45D2671B500530001F9ECC /* SocketRocket.xcodeproj */;
			proxyType = 2;
			remoteGlobalIDString = F62417E314D52F3C003CE997;
			remoteInfo = TestChat;
		};
		7E45D2781B500530001F9ECC /* PBXContainerItemProxy */ = {
			isa = PBXContainerItemProxy;
			containerPortal = 7E45D2671B500530001F9ECC /* SocketRocket.xcodeproj */;
			proxyType = 2;
			remoteGlobalIDString = 7EA7C00A1A9901FC00AFE63E;
			remoteInfo = "SocketRocket-iOS";
		};
		7E45D27A1B500530001F9ECC /* PBXContainerItemProxy */ = {
			isa = PBXContainerItemProxy;
			containerPortal = 7E45D2671B500530001F9ECC /* SocketRocket.xcodeproj */;
			proxyType = 2;
			remoteGlobalIDString = 7EA7C0141A9901FD00AFE63E;
			remoteInfo = "SocketRocket-iOSTests";
		};
/* End PBXContainerItemProxy section */

/* Begin PBXCopyFilesBuildPhase section */
		7E00D36E1B4D68720031D045 /* CopyFiles */ = {
			isa = PBXCopyFilesBuildPhase;
			buildActionMask = 2147483647;
			dstPath = "include/$(PRODUCT_NAME)";
			dstSubfolderSpec = 16;
			files = (
			);
			runOnlyForDeploymentPostprocessing = 0;
		};
/* End PBXCopyFilesBuildPhase section */

/* Begin PBXFileReference section */
		7E00D3701B4D68720031D045 /* libHLJXmppWebSocket.a */ = {isa = PBXFileReference; explicitFileType = archive.ar; includeInIndex = 0; path = libHLJXmppWebSocket.a; sourceTree = BUILT_PRODUCTS_DIR; };
		7E00D37B1B4D68720031D045 /* HLJXmppWebSocketTests.xctest */ = {isa = PBXFileReference; explicitFileType = wrapper.cfbundle; includeInIndex = 0; path = HLJXmppWebSocketTests.xctest; sourceTree = BUILT_PRODUCTS_DIR; };
		7E00D3811B4D68720031D045 /* Info.plist */ = {isa = PBXFileReference; lastKnownFileType = text.plist.xml; path = Info.plist; sourceTree = "<group>"; };
		7E1962431B55995E00D4CD32 /* HJBindResponseParser.h */ = {isa = PBXFileReference; fileEncoding = 4; lastKnownFileType = sourcecode.c.h; path = HJBindResponseParser.h; sourceTree = "<group>"; };
		7E1962441B55995E00D4CD32 /* HJBindResponseParser.m */ = {isa = PBXFileReference; fileEncoding = 4; lastKnownFileType = sourcecode.c.objc; path = HJBindResponseParser.m; sourceTree = "<group>"; };
		7E226F511B5008FB00E9B35C /* libxml2.dylib */ = {isa = PBXFileReference; lastKnownFileType = "compiled.mach-o.dylib"; name = libxml2.dylib; path = usr/lib/libxml2.dylib; sourceTree = SDKROOT; };
		7E226F531B50091100E9B35C /* libidn.a */ = {isa = PBXFileReference; lastKnownFileType = archive.ar; name = libidn.a; path = ../../libidn/libidn.a; sourceTree = "<group>"; };
		7E226F571B50095100E9B35C /* libicucore.dylib */ = {isa = PBXFileReference; lastKnownFileType = "compiled.mach-o.dylib"; name = libicucore.dylib; path = usr/lib/libicucore.dylib; sourceTree = SDKROOT; };
		7E226F591B500E5D00E9B35C /* LinqToObjectiveC.xcodeproj */ = {isa = PBXFileReference; lastKnownFileType = "wrapper.pb-project"; name = LinqToObjectiveC.xcodeproj; path = ../../LinqToObjectiveC/LinqToObjectiveC/LinqToObjectiveC.xcodeproj; sourceTree = "<group>"; };
		7E226F691B501BEF00E9B35C /* HLJWebSocketTransportForXmpp.h */ = {isa = PBXFileReference; fileEncoding = 4; lastKnownFileType = sourcecode.c.h; path = HLJWebSocketTransportForXmpp.h; sourceTree = "<group>"; };
		7E226F6A1B501BEF00E9B35C /* HLJWebSocketTransportForXmpp.m */ = {isa = PBXFileReference; fileEncoding = 4; lastKnownFileType = sourcecode.c.objc; path = HLJWebSocketTransportForXmpp.m; sourceTree = "<group>"; };
		7E26D5BE1B4EA1E10030F2DD /* XmppFrameworkParsers.xcodeproj */ = {isa = PBXFileReference; lastKnownFileType = "wrapper.pb-project"; name = XmppFrameworkParsers.xcodeproj; path = ../../XmppFrameworkParsers/XmppFrameworkParsers.xcodeproj; sourceTree = "<group>"; };
		7E26D5C71B4EA2260030F2DD /* HJTransportForXmpp.h */ = {isa = PBXFileReference; fileEncoding = 4; lastKnownFileType = sourcecode.c.h; path = HJTransportForXmpp.h; sourceTree = "<group>"; };
		7E26D5CD1B4EA94D0030F2DD /* HJXmppClientImpl.h */ = {isa = PBXFileReference; fileEncoding = 4; lastKnownFileType = sourcecode.c.h; path = HJXmppClientImpl.h; sourceTree = "<group>"; };
		7E26D5CE1B4EA94D0030F2DD /* HJXmppClientImpl.mm */ = {isa = PBXFileReference; fileEncoding = 4; lastKnownFileType = sourcecode.cpp.objcpp; path = HJXmppClientImpl.mm; sourceTree = "<group>"; };
		7E26D5DD1B4EC2390030F2DD /* HJAuthenticationStages.h */ = {isa = PBXFileReference; fileEncoding = 4; lastKnownFileType = sourcecode.c.h; path = HJAuthenticationStages.h; sourceTree = "<group>"; };
		7E26D5DE1B4EC5780030F2DD /* HJTransportForXmppDelegate.h */ = {isa = PBXFileReference; fileEncoding = 4; lastKnownFileType = sourcecode.c.h; path = HJTransportForXmppDelegate.h; sourceTree = "<group>"; };
		7E4596F91B54087A001AD170 /* libc++.dylib */ = {isa = PBXFileReference; lastKnownFileType = "compiled.mach-o.dylib"; name = "libc++.dylib"; path = "usr/lib/libc++.dylib"; sourceTree = SDKROOT; };
		7E4596FB1B54217F001AD170 /* libiconv.dylib */ = {isa = PBXFileReference; lastKnownFileType = "compiled.mach-o.dylib"; name = libiconv.dylib; path = usr/lib/libiconv.dylib; sourceTree = SDKROOT; };
		7E45D25D1B500388001F9ECC /* HLJWebSocketAuthIntegrationTest.m */ = {isa = PBXFileReference; fileEncoding = 4; lastKnownFileType = sourcecode.c.objc; path = HLJWebSocketAuthIntegrationTest.m; sourceTree = "<group>"; };
		7E45D2671B500530001F9ECC /* SocketRocket.xcodeproj */ = {isa = PBXFileReference; lastKnownFileType = "wrapper.pb-project"; name = SocketRocket.xcodeproj; path = ../../SocketRocket/SocketRocket.xcodeproj; sourceTree = "<group>"; };
		7E4F126B1B4FCB75001F1769 /* KissXML-iOS.xcodeproj */ = {isa = PBXFileReference; lastKnownFileType = "wrapper.pb-project"; name = "KissXML-iOS.xcodeproj"; path = "../../KissXML/KissXML-iOS.xcodeproj"; sourceTree = "<group>"; };
		7E56BF981B4D8A8700D27597 /* HJXmppClient.h */ = {isa = PBXFileReference; fileEncoding = 4; lastKnownFileType = sourcecode.c.h; path = HJXmppClient.h; sourceTree = "<group>"; };
		7E56BF991B4D8A9D00D27597 /* HJXmppClientDelegate.h */ = {isa = PBXFileReference; fileEncoding = 4; lastKnownFileType = sourcecode.c.h; path = HJXmppClientDelegate.h; sourceTree = "<group>"; };
		7E7720E71B4D78470082FA43 /* HLJXmppWebSocket.pch */ = {isa = PBXFileReference; lastKnownFileType = sourcecode.c.h; path = HLJXmppWebSocket.pch; sourceTree = "<group>"; };
		7E7B9A9E1B4D727200FB15F1 /* HLJXmppWebSocket.h */ = {isa = PBXFileReference; lastKnownFileType = sourcecode.c.h; path = HLJXmppWebSocket.h; sourceTree = "<group>"; };
		7EB9C4111B559C5200F94871 /* HJXmppBindParserError.h */ = {isa = PBXFileReference; fileEncoding = 4; lastKnownFileType = sourcecode.c.h; path = HJXmppBindParserError.h; sourceTree = "<group>"; };
		7EB9C4121B559C5200F94871 /* HJXmppBindParserError.m */ = {isa = PBXFileReference; fileEncoding = 4; lastKnownFileType = sourcecode.c.objc; path = HJXmppBindParserError.m; sourceTree = "<group>"; };
		7EB9C41C1B559E8100F94871 /* HJSessionResponseParser.h */ = {isa = PBXFileReference; fileEncoding = 4; lastKnownFileType = sourcecode.c.h; path = HJSessionResponseParser.h; sourceTree = "<group>"; };
		7EB9C41D1B559E8100F94871 /* HJSessionResponseParser.m */ = {isa = PBXFileReference; fileEncoding = 4; lastKnownFileType = sourcecode.c.objc; path = HJSessionResponseParser.m; sourceTree = "<group>"; };
		7EB9C41F1B559FE700F94871 /* HJXmppSessionResponseError.h */ = {isa = PBXFileReference; fileEncoding = 4; lastKnownFileType = sourcecode.c.h; path = HJXmppSessionResponseError.h; sourceTree = "<group>"; };
		7EB9C4201B559FE700F94871 /* HJXmppSessionResponseError.m */ = {isa = PBXFileReference; fileEncoding = 4; lastKnownFileType = sourcecode.c.objc; path = HJXmppSessionResponseError.m; sourceTree = "<group>"; };
		7EB9C4221B55A24600F94871 /* HJHistoryFailParser.h */ = {isa = PBXFileReference; fileEncoding = 4; lastKnownFileType = sourcecode.c.h; path = HJHistoryFailParser.h; sourceTree = "<group>"; };
		7EB9C4231B55A24600F94871 /* HJHistoryFailParser.m */ = {isa = PBXFileReference; fileEncoding = 4; lastKnownFileType = sourcecode.c.objc; path = HJHistoryFailParser.m; sourceTree = "<group>"; };
		7EB9C4251B55A40D00F94871 /* HJMessageDetector.h */ = {isa = PBXFileReference; fileEncoding = 4; lastKnownFileType = sourcecode.c.h; path = HJMessageDetector.h; sourceTree = "<group>"; };
		7EB9C4261B55A40D00F94871 /* HJMessageDetector.m */ = {isa = PBXFileReference; fileEncoding = 4; lastKnownFileType = sourcecode.c.objc; path = HJMessageDetector.m; sourceTree = "<group>"; };
		7EB9C4281B55A8F500F94871 /* HJFinMessageParser.h */ = {isa = PBXFileReference; fileEncoding = 4; lastKnownFileType = sourcecode.c.h; path = HJFinMessageParser.h; sourceTree = "<group>"; };
		7EB9C4291B55A8F500F94871 /* HJFinMessageParser.m */ = {isa = PBXFileReference; fileEncoding = 4; lastKnownFileType = sourcecode.c.objc; path = HJFinMessageParser.m; sourceTree = "<group>"; };
		7EB9C42B1B55A9DC00F94871 /* HJHistoryMessageParser.h */ = {isa = PBXFileReference; fileEncoding = 4; lastKnownFileType = sourcecode.c.h; path = HJHistoryMessageParser.h; sourceTree = "<group>"; };
		7EB9C42C1B55A9DC00F94871 /* HJHistoryMessageParser.m */ = {isa = PBXFileReference; fileEncoding = 4; lastKnownFileType = sourcecode.c.objc; path = HJHistoryMessageParser.m; sourceTree = "<group>"; };
		7EEDFFB81B55335A0093DE7E /* HJChatHistoryRequestBuilder.h */ = {isa = PBXFileReference; fileEncoding = 4; lastKnownFileType = sourcecode.c.h; path = HJChatHistoryRequestBuilder.h; sourceTree = "<group>"; };
		7EEDFFB91B55335A0093DE7E /* HJChatHistoryRequestBuilder.m */ = {isa = PBXFileReference; fileEncoding = 4; lastKnownFileType = sourcecode.c.objc; path = HJChatHistoryRequestBuilder.m; sourceTree = "<group>"; };
		7EEDFFBB1B5537510093DE7E /* HJRandomizerForXmpp.h */ = {isa = PBXFileReference; fileEncoding = 4; lastKnownFileType = sourcecode.c.h; path = HJRandomizerForXmpp.h; sourceTree = "<group>"; };
		7EEDFFBC1B5537910093DE7E /* HJRandomizerImpl.h */ = {isa = PBXFileReference; fileEncoding = 4; lastKnownFileType = sourcecode.c.h; path = HJRandomizerImpl.h; sourceTree = "<group>"; };
		7EEDFFBD1B5537910093DE7E /* HJRandomizerImpl.m */ = {isa = PBXFileReference; fileEncoding = 4; lastKnownFileType = sourcecode.c.objc; path = HJRandomizerImpl.m; sourceTree = "<group>"; };
		7EFDD7C81B55514400430942 /* HJXmppErrorBase.h */ = {isa = PBXFileReference; fileEncoding = 4; lastKnownFileType = sourcecode.c.h; path = HJXmppErrorBase.h; sourceTree = "<group>"; };
		7EFDD7C91B55514400430942 /* HJXmppErrorBase.m */ = {isa = PBXFileReference; fileEncoding = 4; lastKnownFileType = sourcecode.c.objc; path = HJXmppErrorBase.m; sourceTree = "<group>"; };
		7EFDD7CB1B55516200430942 /* HJXmppErrorForHistory.h */ = {isa = PBXFileReference; fileEncoding = 4; lastKnownFileType = sourcecode.c.h; path = HJXmppErrorForHistory.h; sourceTree = "<group>"; };
		7EFDD7CC1B55516200430942 /* HJXmppErrorForHistory.m */ = {isa = PBXFileReference; fileEncoding = 4; lastKnownFileType = sourcecode.c.objc; path = HJXmppErrorForHistory.m; sourceTree = "<group>"; };
/* End PBXFileReference section */

/* Begin PBXFrameworksBuildPhase section */
		7E00D36D1B4D68720031D045 /* Frameworks */ = {
			isa = PBXFrameworksBuildPhase;
			buildActionMask = 2147483647;
			files = (
			);
			runOnlyForDeploymentPostprocessing = 0;
		};
		7E00D3781B4D68720031D045 /* Frameworks */ = {
			isa = PBXFrameworksBuildPhase;
			buildActionMask = 2147483647;
			files = (
				7E4596FC1B54217F001AD170 /* libiconv.dylib in Frameworks */,
				7E4596FA1B54087A001AD170 /* libc++.dylib in Frameworks */,
				7E226F671B500E6C00E9B35C /* libLinqToObjectiveC.a in Frameworks */,
				7E226F581B50095100E9B35C /* libicucore.dylib in Frameworks */,
				7E226F521B5008FB00E9B35C /* libxml2.dylib in Frameworks */,
				7E226F4E1B50060C00E9B35C /* libKissXML-iOS.a in Frameworks */,
				7E226F4F1B50060C00E9B35C /* libSocketRocket.a in Frameworks */,
				7E226F541B50091100E9B35C /* libidn.a in Frameworks */,
				7E226F501B50060C00E9B35C /* libXmppFrameworkParsers.a in Frameworks */,
				7E00D37C1B4D68720031D045 /* libHLJXmppWebSocket.a in Frameworks */,
			);
			runOnlyForDeploymentPostprocessing = 0;
		};
/* End PBXFrameworksBuildPhase section */

/* Begin PBXGroup section */
		7E00D3671B4D68720031D045 = {
			isa = PBXGroup;
			children = (
				7E7B9A9D1B4D726300FB15F1 /* Sources */,
				7E00D37F1B4D68720031D045 /* HLJXmppWebSocketTests */,
				7E00D3711B4D68720031D045 /* Products */,
			);
			sourceTree = "<group>";
		};
		7E00D3711B4D68720031D045 /* Products */ = {
			isa = PBXGroup;
			children = (
				7E00D3701B4D68720031D045 /* libHLJXmppWebSocket.a */,
				7E00D37B1B4D68720031D045 /* HLJXmppWebSocketTests.xctest */,
			);
			name = Products;
			sourceTree = "<group>";
		};
		7E00D37F1B4D68720031D045 /* HLJXmppWebSocketTests */ = {
			isa = PBXGroup;
			children = (
				7E4596FB1B54217F001AD170 /* libiconv.dylib */,
				7E4596F91B54087A001AD170 /* libc++.dylib */,
				7E226F571B50095100E9B35C /* libicucore.dylib */,
				7E226F511B5008FB00E9B35C /* libxml2.dylib */,
				7E226F531B50091100E9B35C /* libidn.a */,
				7E226F591B500E5D00E9B35C /* LinqToObjectiveC.xcodeproj */,
				7E45D2671B500530001F9ECC /* SocketRocket.xcodeproj */,
				7E4F126B1B4FCB75001F1769 /* KissXML-iOS.xcodeproj */,
				7E26D5BE1B4EA1E10030F2DD /* XmppFrameworkParsers.xcodeproj */,
				7E00D3801B4D68720031D045 /* Supporting Files */,
				7E45D25D1B500388001F9ECC /* HLJWebSocketAuthIntegrationTest.m */,
			);
			path = HLJXmppWebSocketTests;
			sourceTree = "<group>";
		};
		7E00D3801B4D68720031D045 /* Supporting Files */ = {
			isa = PBXGroup;
			children = (
				7E00D3811B4D68720031D045 /* Info.plist */,
			);
			name = "Supporting Files";
			sourceTree = "<group>";
		};
		7E19623A1B55993E00D4CD32 /* Parser */ = {
			isa = PBXGroup;
			children = (
				7E1962431B55995E00D4CD32 /* HJBindResponseParser.h */,
				7E1962441B55995E00D4CD32 /* HJBindResponseParser.m */,
				7EB9C41C1B559E8100F94871 /* HJSessionResponseParser.h */,
				7EB9C41D1B559E8100F94871 /* HJSessionResponseParser.m */,
				7EB9C4221B55A24600F94871 /* HJHistoryFailParser.h */,
				7EB9C4231B55A24600F94871 /* HJHistoryFailParser.m */,
				7EB9C4251B55A40D00F94871 /* HJMessageDetector.h */,
				7EB9C4261B55A40D00F94871 /* HJMessageDetector.m */,
				7EB9C4281B55A8F500F94871 /* HJFinMessageParser.h */,
				7EB9C4291B55A8F500F94871 /* HJFinMessageParser.m */,
				7EB9C42B1B55A9DC00F94871 /* HJHistoryMessageParser.h */,
				7EB9C42C1B55A9DC00F94871 /* HJHistoryMessageParser.m */,
			);
			path = Parser;
			sourceTree = "<group>";
		};
		7E226F331B50057400E9B35C /* Products */ = {
			isa = PBXGroup;
			children = (
				7E226F3F1B50057400E9B35C /* libXmppFrameworkParsers.a */,
				7E226F411B50057400E9B35C /* XmppFrameworkParsersTests.xctest */,
			);
			name = Products;
			sourceTree = "<group>";
		};
		7E226F5A1B500E5D00E9B35C /* Products */ = {
			isa = PBXGroup;
			children = (
				7E226F601B500E5D00E9B35C /* libLinqToObjectiveC.a */,
				7E226F621B500E5D00E9B35C /* LinqToObjectiveC.framework */,
				7E226F641B500E5D00E9B35C /* LinqToObjectiveC.framework */,
			);
			name = Products;
			sourceTree = "<group>";
		};
		7E226F681B501BD800E9B35C /* WebSocket */ = {
			isa = PBXGroup;
			children = (
				7E226F691B501BEF00E9B35C /* HLJWebSocketTransportForXmpp.h */,
				7E226F6A1B501BEF00E9B35C /* HLJWebSocketTransportForXmpp.m */,
			);
			path = WebSocket;
			sourceTree = "<group>";
		};
		7E45D2621B500525001F9ECC /* Products */ = {
			isa = PBXGroup;
			children = (
				7E45D2661B500525001F9ECC /* libKissXML-iOS.a */,
			);
			name = Products;
			sourceTree = "<group>";
		};
		7E45D2681B500530001F9ECC /* Products */ = {
			isa = PBXGroup;
			children = (
				7E45D2711B500530001F9ECC /* libSocketRocket.a */,
				7E45D2731B500530001F9ECC /* SocketRocket.framework */,
				7E45D2751B500530001F9ECC /* SRWebSocketTests.octest */,
				7E45D2771B500530001F9ECC /* TestChat.app */,
				7E45D2791B500530001F9ECC /* SocketRocket.framework */,
				7E45D27B1B500530001F9ECC /* SocketRocket-iOSTests.xctest */,
			);
			name = Products;
			sourceTree = "<group>";
		};
		7E56BF971B4D8A7400D27597 /* XmppClient */ = {
			isa = PBXGroup;
			children = (
				7E56BF981B4D8A8700D27597 /* HJXmppClient.h */,
				7E56BF991B4D8A9D00D27597 /* HJXmppClientDelegate.h */,
				7E26D5C71B4EA2260030F2DD /* HJTransportForXmpp.h */,
				7E26D5CD1B4EA94D0030F2DD /* HJXmppClientImpl.h */,
				7E26D5CE1B4EA94D0030F2DD /* HJXmppClientImpl.mm */,
				7E26D5DD1B4EC2390030F2DD /* HJAuthenticationStages.h */,
				7E26D5DE1B4EC5780030F2DD /* HJTransportForXmppDelegate.h */,
			);
			path = XmppClient;
			sourceTree = "<group>";
		};
		7E7B9A9D1B4D726300FB15F1 /* Sources */ = {
			isa = PBXGroup;
			children = (
				7E7B9A9E1B4D727200FB15F1 /* HLJXmppWebSocket.h */,
				7E7720E71B4D78470082FA43 /* HLJXmppWebSocket.pch */,
				7E19623A1B55993E00D4CD32 /* Parser */,
				7EFDD7BF1B55513100430942 /* Error */,
				7EEDFFAF1B5533460093DE7E /* PacketBuilder */,
				7E226F681B501BD800E9B35C /* WebSocket */,
				7E56BF971B4D8A7400D27597 /* XmppClient */,
			);
			name = Sources;
			sourceTree = "<group>";
		};
		7EEDFFAF1B5533460093DE7E /* PacketBuilder */ = {
			isa = PBXGroup;
			children = (
				7EEDFFB81B55335A0093DE7E /* HJChatHistoryRequestBuilder.h */,
				7EEDFFB91B55335A0093DE7E /* HJChatHistoryRequestBuilder.m */,
				7EEDFFBB1B5537510093DE7E /* HJRandomizerForXmpp.h */,
				7EEDFFBC1B5537910093DE7E /* HJRandomizerImpl.h */,
				7EEDFFBD1B5537910093DE7E /* HJRandomizerImpl.m */,
			);
			path = PacketBuilder;
			sourceTree = "<group>";
		};
		7EFDD7BF1B55513100430942 /* Error */ = {
			isa = PBXGroup;
			children = (
				7EFDD7C81B55514400430942 /* HJXmppErrorBase.h */,
				7EFDD7C91B55514400430942 /* HJXmppErrorBase.m */,
				7EFDD7CB1B55516200430942 /* HJXmppErrorForHistory.h */,
				7EFDD7CC1B55516200430942 /* HJXmppErrorForHistory.m */,
				7EB9C4111B559C5200F94871 /* HJXmppBindParserError.h */,
				7EB9C4121B559C5200F94871 /* HJXmppBindParserError.m */,
				7EB9C41F1B559FE700F94871 /* HJXmppSessionResponseError.h */,
				7EB9C4201B559FE700F94871 /* HJXmppSessionResponseError.m */,
			);
			path = Error;
			sourceTree = "<group>";
		};
/* End PBXGroup section */

/* Begin PBXNativeTarget section */
		7E00D36F1B4D68720031D045 /* HLJXmppWebSocket */ = {
			isa = PBXNativeTarget;
			buildConfigurationList = 7E00D3841B4D68720031D045 /* Build configuration list for PBXNativeTarget "HLJXmppWebSocket" */;
			buildPhases = (
				7E00D36C1B4D68720031D045 /* Sources */,
				7E00D36D1B4D68720031D045 /* Frameworks */,
				7E00D36E1B4D68720031D045 /* CopyFiles */,
			);
			buildRules = (
			);
			dependencies = (
			);
			name = HLJXmppWebSocket;
			productName = HLJXmppWebSocket;
			productReference = 7E00D3701B4D68720031D045 /* libHLJXmppWebSocket.a */;
			productType = "com.apple.product-type.library.static";
		};
		7E00D37A1B4D68720031D045 /* HLJXmppWebSocketTests */ = {
			isa = PBXNativeTarget;
			buildConfigurationList = 7E00D3871B4D68720031D045 /* Build configuration list for PBXNativeTarget "HLJXmppWebSocketTests" */;
			buildPhases = (
				7E00D3771B4D68720031D045 /* Sources */,
				7E00D3781B4D68720031D045 /* Frameworks */,
				7E00D3791B4D68720031D045 /* Resources */,
			);
			buildRules = (
			);
			dependencies = (
				7E226F661B500E6600E9B35C /* PBXTargetDependency */,
				7E226F491B5005FB00E9B35C /* PBXTargetDependency */,
				7E226F4B1B5005FB00E9B35C /* PBXTargetDependency */,
				7E226F4D1B5005FB00E9B35C /* PBXTargetDependency */,
				7E00D37E1B4D68720031D045 /* PBXTargetDependency */,
			);
			name = HLJXmppWebSocketTests;
			productName = HLJXmppWebSocketTests;
			productReference = 7E00D37B1B4D68720031D045 /* HLJXmppWebSocketTests.xctest */;
			productType = "com.apple.product-type.bundle.unit-test";
		};
/* End PBXNativeTarget section */

/* Begin PBXProject section */
		7E00D3681B4D68720031D045 /* Project object */ = {
			isa = PBXProject;
			attributes = {
				LastUpgradeCheck = 0640;
				ORGANIZATIONNAME = healthjoy;
				TargetAttributes = {
					7E00D36F1B4D68720031D045 = {
						CreatedOnToolsVersion = 6.4;
					};
					7E00D37A1B4D68720031D045 = {
						CreatedOnToolsVersion = 6.4;
					};
				};
			};
			buildConfigurationList = 7E00D36B1B4D68720031D045 /* Build configuration list for PBXProject "HLJXmppWebSocket" */;
			compatibilityVersion = "Xcode 3.2";
			developmentRegion = English;
			hasScannedForEncodings = 0;
			knownRegions = (
				en,
			);
			mainGroup = 7E00D3671B4D68720031D045;
			productRefGroup = 7E00D3711B4D68720031D045 /* Products */;
			projectDirPath = "";
			projectReferences = (
				{
					ProductGroup = 7E45D2621B500525001F9ECC /* Products */;
					ProjectRef = 7E4F126B1B4FCB75001F1769 /* KissXML-iOS.xcodeproj */;
				},
				{
					ProductGroup = 7E226F5A1B500E5D00E9B35C /* Products */;
					ProjectRef = 7E226F591B500E5D00E9B35C /* LinqToObjectiveC.xcodeproj */;
				},
				{
					ProductGroup = 7E45D2681B500530001F9ECC /* Products */;
					ProjectRef = 7E45D2671B500530001F9ECC /* SocketRocket.xcodeproj */;
				},
				{
					ProductGroup = 7E226F331B50057400E9B35C /* Products */;
					ProjectRef = 7E26D5BE1B4EA1E10030F2DD /* XmppFrameworkParsers.xcodeproj */;
				},
			);
			projectRoot = "";
			targets = (
				7E00D36F1B4D68720031D045 /* HLJXmppWebSocket */,
				7E00D37A1B4D68720031D045 /* HLJXmppWebSocketTests */,
			);
		};
/* End PBXProject section */

/* Begin PBXReferenceProxy section */
		7E226F3F1B50057400E9B35C /* libXmppFrameworkParsers.a */ = {
			isa = PBXReferenceProxy;
			fileType = archive.ar;
			path = libXmppFrameworkParsers.a;
			remoteRef = 7E226F3E1B50057400E9B35C /* PBXContainerItemProxy */;
			sourceTree = BUILT_PRODUCTS_DIR;
		};
		7E226F411B50057400E9B35C /* XmppFrameworkParsersTests.xctest */ = {
			isa = PBXReferenceProxy;
			fileType = wrapper.cfbundle;
			path = XmppFrameworkParsersTests.xctest;
			remoteRef = 7E226F401B50057400E9B35C /* PBXContainerItemProxy */;
			sourceTree = BUILT_PRODUCTS_DIR;
		};
		7E226F601B500E5D00E9B35C /* libLinqToObjectiveC.a */ = {
			isa = PBXReferenceProxy;
			fileType = archive.ar;
			path = libLinqToObjectiveC.a;
			remoteRef = 7E226F5F1B500E5D00E9B35C /* PBXContainerItemProxy */;
			sourceTree = BUILT_PRODUCTS_DIR;
		};
		7E226F621B500E5D00E9B35C /* LinqToObjectiveC.framework */ = {
			isa = PBXReferenceProxy;
			fileType = wrapper.framework;
			path = LinqToObjectiveC.framework;
			remoteRef = 7E226F611B500E5D00E9B35C /* PBXContainerItemProxy */;
			sourceTree = BUILT_PRODUCTS_DIR;
		};
		7E226F641B500E5D00E9B35C /* LinqToObjectiveC.framework */ = {
			isa = PBXReferenceProxy;
			fileType = wrapper.framework;
			path = LinqToObjectiveC.framework;
			remoteRef = 7E226F631B500E5D00E9B35C /* PBXContainerItemProxy */;
			sourceTree = BUILT_PRODUCTS_DIR;
		};
		7E45D2661B500525001F9ECC /* libKissXML-iOS.a */ = {
			isa = PBXReferenceProxy;
			fileType = archive.ar;
			path = "libKissXML-iOS.a";
			remoteRef = 7E45D2651B500525001F9ECC /* PBXContainerItemProxy */;
			sourceTree = BUILT_PRODUCTS_DIR;
		};
		7E45D2711B500530001F9ECC /* libSocketRocket.a */ = {
			isa = PBXReferenceProxy;
			fileType = archive.ar;
			path = libSocketRocket.a;
			remoteRef = 7E45D2701B500530001F9ECC /* PBXContainerItemProxy */;
			sourceTree = BUILT_PRODUCTS_DIR;
		};
		7E45D2731B500530001F9ECC /* SocketRocket.framework */ = {
			isa = PBXReferenceProxy;
			fileType = wrapper.framework;
			path = SocketRocket.framework;
			remoteRef = 7E45D2721B500530001F9ECC /* PBXContainerItemProxy */;
			sourceTree = BUILT_PRODUCTS_DIR;
		};
		7E45D2751B500530001F9ECC /* SRWebSocketTests.octest */ = {
			isa = PBXReferenceProxy;
			fileType = wrapper.cfbundle;
			path = SRWebSocketTests.octest;
			remoteRef = 7E45D2741B500530001F9ECC /* PBXContainerItemProxy */;
			sourceTree = BUILT_PRODUCTS_DIR;
		};
		7E45D2771B500530001F9ECC /* TestChat.app */ = {
			isa = PBXReferenceProxy;
			fileType = wrapper.application;
			path = TestChat.app;
			remoteRef = 7E45D2761B500530001F9ECC /* PBXContainerItemProxy */;
			sourceTree = BUILT_PRODUCTS_DIR;
		};
		7E45D2791B500530001F9ECC /* SocketRocket.framework */ = {
			isa = PBXReferenceProxy;
			fileType = wrapper.framework;
			path = SocketRocket.framework;
			remoteRef = 7E45D2781B500530001F9ECC /* PBXContainerItemProxy */;
			sourceTree = BUILT_PRODUCTS_DIR;
		};
		7E45D27B1B500530001F9ECC /* SocketRocket-iOSTests.xctest */ = {
			isa = PBXReferenceProxy;
			fileType = wrapper.cfbundle;
			path = "SocketRocket-iOSTests.xctest";
			remoteRef = 7E45D27A1B500530001F9ECC /* PBXContainerItemProxy */;
			sourceTree = BUILT_PRODUCTS_DIR;
		};
/* End PBXReferenceProxy section */

/* Begin PBXResourcesBuildPhase section */
		7E00D3791B4D68720031D045 /* Resources */ = {
			isa = PBXResourcesBuildPhase;
			buildActionMask = 2147483647;
			files = (
			);
			runOnlyForDeploymentPostprocessing = 0;
		};
/* End PBXResourcesBuildPhase section */

/* Begin PBXSourcesBuildPhase section */
		7E00D36C1B4D68720031D045 /* Sources */ = {
			isa = PBXSourcesBuildPhase;
			buildActionMask = 2147483647;
			files = (
				7EB9C41E1B559E8100F94871 /* HJSessionResponseParser.m in Sources */,
				7EB9C4211B559FE700F94871 /* HJXmppSessionResponseError.m in Sources */,
				7EEDFFBE1B5537910093DE7E /* HJRandomizerImpl.m in Sources */,
				7EB9C4241B55A24600F94871 /* HJHistoryFailParser.m in Sources */,
				7E1962451B55995E00D4CD32 /* HJBindResponseParser.m in Sources */,
				7EB9C42D1B55A9DC00F94871 /* HJHistoryMessageParser.m in Sources */,
				7E26D5CF1B4EA94D0030F2DD /* HJXmppClientImpl.mm in Sources */,
				7EFDD7CD1B55516200430942 /* HJXmppErrorForHistory.m in Sources */,
				7EFDD7CA1B55514400430942 /* HJXmppErrorBase.m in Sources */,
				7EB9C4131B559C5200F94871 /* HJXmppBindParserError.m in Sources */,
				7EEDFFBA1B55335A0093DE7E /* HJChatHistoryRequestBuilder.m in Sources */,
				7EB9C42A1B55A8F500F94871 /* HJFinMessageParser.m in Sources */,
				7E226F6B1B501BEF00E9B35C /* HLJWebSocketTransportForXmpp.m in Sources */,
				7EB9C4271B55A40D00F94871 /* HJMessageDetector.m in Sources */,
			);
			runOnlyForDeploymentPostprocessing = 0;
		};
		7E00D3771B4D68720031D045 /* Sources */ = {
			isa = PBXSourcesBuildPhase;
			buildActionMask = 2147483647;
			files = (
				7E45D25E1B500388001F9ECC /* HLJWebSocketAuthIntegrationTest.m in Sources */,
			);
			runOnlyForDeploymentPostprocessing = 0;
		};
/* End PBXSourcesBuildPhase section */

/* Begin PBXTargetDependency section */
		7E00D37E1B4D68720031D045 /* PBXTargetDependency */ = {
			isa = PBXTargetDependency;
			target = 7E00D36F1B4D68720031D045 /* HLJXmppWebSocket */;
			targetProxy = 7E00D37D1B4D68720031D045 /* PBXContainerItemProxy */;
		};
		7E226F491B5005FB00E9B35C /* PBXTargetDependency */ = {
			isa = PBXTargetDependency;
			name = SocketRocket;
			targetProxy = 7E226F481B5005FB00E9B35C /* PBXContainerItemProxy */;
		};
		7E226F4B1B5005FB00E9B35C /* PBXTargetDependency */ = {
			isa = PBXTargetDependency;
			name = "KissXML-iOS";
			targetProxy = 7E226F4A1B5005FB00E9B35C /* PBXContainerItemProxy */;
		};
		7E226F4D1B5005FB00E9B35C /* PBXTargetDependency */ = {
			isa = PBXTargetDependency;
			name = XmppFrameworkParsers;
			targetProxy = 7E226F4C1B5005FB00E9B35C /* PBXContainerItemProxy */;
		};
		7E226F661B500E6600E9B35C /* PBXTargetDependency */ = {
			isa = PBXTargetDependency;
			name = LinqToObjectiveC;
			targetProxy = 7E226F651B500E6600E9B35C /* PBXContainerItemProxy */;
		};
/* End PBXTargetDependency section */

/* Begin XCBuildConfiguration section */
		7E00D3821B4D68720031D045 /* Debug */ = {
			isa = XCBuildConfiguration;
			buildSettings = {
				ALWAYS_SEARCH_USER_PATHS = NO;
				CLANG_ANALYZER_SECURITY_FLOATLOOPCOUNTER = YES;
				CLANG_ANALYZER_SECURITY_INSECUREAPI_RAND = YES;
				CLANG_ANALYZER_SECURITY_INSECUREAPI_STRCPY = YES;
				CLANG_CXX_LANGUAGE_STANDARD = "gnu++0x";
				CLANG_CXX_LIBRARY = "libc++";
				CLANG_ENABLE_MODULES = YES;
				CLANG_ENABLE_OBJC_ARC = YES;
				CLANG_WARN_ASSIGN_ENUM = YES;
				CLANG_WARN_BOOL_CONVERSION = YES;
				CLANG_WARN_CONSTANT_CONVERSION = YES;
				CLANG_WARN_CXX0X_EXTENSIONS = YES;
				CLANG_WARN_DIRECT_OBJC_ISA_USAGE = YES_ERROR;
				CLANG_WARN_EMPTY_BODY = YES;
				CLANG_WARN_ENUM_CONVERSION = YES;
				CLANG_WARN_IMPLICIT_SIGN_CONVERSION = YES;
				CLANG_WARN_INT_CONVERSION = YES;
				CLANG_WARN_OBJC_IMPLICIT_ATOMIC_PROPERTIES = YES;
				CLANG_WARN_OBJC_IMPLICIT_RETAIN_SELF = YES;
				CLANG_WARN_OBJC_RECEIVER_WEAK = YES;
				CLANG_WARN_OBJC_REPEATED_USE_OF_WEAK = YES;
				CLANG_WARN_OBJC_ROOT_CLASS = YES_ERROR;
				CLANG_WARN_SUSPICIOUS_IMPLICIT_CONVERSION = YES;
				CLANG_WARN_UNREACHABLE_CODE = YES;
				CLANG_WARN__DUPLICATE_METHOD_MATCH = YES;
				COPY_PHASE_STRIP = NO;
				DEBUG_INFORMATION_FORMAT = "dwarf-with-dsym";
				ENABLE_STRICT_OBJC_MSGSEND = YES;
				GCC_C_LANGUAGE_STANDARD = gnu99;
				GCC_DYNAMIC_NO_PIC = NO;
				GCC_INCREASE_PRECOMPILED_HEADER_SHARING = YES;
				GCC_NO_COMMON_BLOCKS = YES;
				GCC_OPTIMIZATION_LEVEL = 0;
				GCC_PRECOMPILE_PREFIX_HEADER = YES;
				GCC_PREFIX_HEADER = HLJXmppWebSocket.pch;
				GCC_PREPROCESSOR_DEFINITIONS = (
					"DEBUG=1",
					"$(inherited)",
				);
				GCC_SYMBOLS_PRIVATE_EXTERN = NO;
				GCC_TREAT_WARNINGS_AS_ERRORS = YES;
				GCC_WARN_64_TO_32_BIT_CONVERSION = YES;
				GCC_WARN_ABOUT_RETURN_TYPE = YES_ERROR;
				GCC_WARN_FOUR_CHARACTER_CONSTANTS = YES;
				GCC_WARN_NON_VIRTUAL_DESTRUCTOR = YES;
				GCC_WARN_PEDANTIC = YES;
				GCC_WARN_SIGN_COMPARE = YES;
				GCC_WARN_UNDECLARED_SELECTOR = YES;
				GCC_WARN_UNINITIALIZED_AUTOS = YES_AGGRESSIVE;
				GCC_WARN_UNUSED_FUNCTION = YES;
				GCC_WARN_UNUSED_VARIABLE = YES;
				HEADER_SEARCH_PATHS = (
					"$(inherited)",
					/Applications/Xcode.app/Contents/Developer/Toolchains/XcodeDefault.xctoolchain/usr/include,
					..,
					../KissXML,
					"$(SDKROOT)/usr/include/libxml2",
					"$(SRCROOT)/..",
					../SocketRocket,
				);
				IPHONEOS_DEPLOYMENT_TARGET = 7.0;
				MTL_ENABLE_DEBUG_INFO = YES;
				ONLY_ACTIVE_ARCH = YES;
				OTHER_LDFLAGS = "-all_load";
				SDKROOT = iphoneos;
				WARNING_CFLAGS = (
					"-Wno-dollar-in-identifier-extension",
					"-Wno-pointer-arith",
				);
			};
			name = Debug;
		};
		7E00D3831B4D68720031D045 /* Release */ = {
			isa = XCBuildConfiguration;
			buildSettings = {
				ALWAYS_SEARCH_USER_PATHS = NO;
				CLANG_ANALYZER_SECURITY_FLOATLOOPCOUNTER = YES;
				CLANG_ANALYZER_SECURITY_INSECUREAPI_RAND = YES;
				CLANG_ANALYZER_SECURITY_INSECUREAPI_STRCPY = YES;
				CLANG_CXX_LANGUAGE_STANDARD = "gnu++0x";
				CLANG_CXX_LIBRARY = "libc++";
				CLANG_ENABLE_MODULES = YES;
				CLANG_ENABLE_OBJC_ARC = YES;
				CLANG_WARN_ASSIGN_ENUM = YES;
				CLANG_WARN_BOOL_CONVERSION = YES;
				CLANG_WARN_CONSTANT_CONVERSION = YES;
				CLANG_WARN_CXX0X_EXTENSIONS = YES;
				CLANG_WARN_DIRECT_OBJC_ISA_USAGE = YES_ERROR;
				CLANG_WARN_EMPTY_BODY = YES;
				CLANG_WARN_ENUM_CONVERSION = YES;
				CLANG_WARN_IMPLICIT_SIGN_CONVERSION = YES;
				CLANG_WARN_INT_CONVERSION = YES;
				CLANG_WARN_OBJC_IMPLICIT_ATOMIC_PROPERTIES = YES;
				CLANG_WARN_OBJC_IMPLICIT_RETAIN_SELF = YES;
				CLANG_WARN_OBJC_RECEIVER_WEAK = YES;
				CLANG_WARN_OBJC_REPEATED_USE_OF_WEAK = YES;
				CLANG_WARN_OBJC_ROOT_CLASS = YES_ERROR;
				CLANG_WARN_SUSPICIOUS_IMPLICIT_CONVERSION = YES;
				CLANG_WARN_UNREACHABLE_CODE = YES;
				CLANG_WARN__DUPLICATE_METHOD_MATCH = YES;
				COPY_PHASE_STRIP = NO;
				DEBUG_INFORMATION_FORMAT = "dwarf-with-dsym";
				ENABLE_NS_ASSERTIONS = NO;
				ENABLE_STRICT_OBJC_MSGSEND = YES;
				GCC_C_LANGUAGE_STANDARD = gnu99;
				GCC_INCREASE_PRECOMPILED_HEADER_SHARING = YES;
				GCC_NO_COMMON_BLOCKS = YES;
				GCC_PRECOMPILE_PREFIX_HEADER = YES;
				GCC_PREFIX_HEADER = HLJXmppWebSocket.pch;
				GCC_TREAT_WARNINGS_AS_ERRORS = YES;
				GCC_WARN_64_TO_32_BIT_CONVERSION = YES;
				GCC_WARN_ABOUT_RETURN_TYPE = YES_ERROR;
				GCC_WARN_FOUR_CHARACTER_CONSTANTS = YES;
				GCC_WARN_NON_VIRTUAL_DESTRUCTOR = YES;
				GCC_WARN_PEDANTIC = YES;
				GCC_WARN_SIGN_COMPARE = YES;
				GCC_WARN_UNDECLARED_SELECTOR = YES;
				GCC_WARN_UNINITIALIZED_AUTOS = YES_AGGRESSIVE;
				GCC_WARN_UNUSED_FUNCTION = YES;
				GCC_WARN_UNUSED_VARIABLE = YES;
				HEADER_SEARCH_PATHS = (
					"$(inherited)",
					/Applications/Xcode.app/Contents/Developer/Toolchains/XcodeDefault.xctoolchain/usr/include,
					..,
					../KissXML,
					"$(SDKROOT)/usr/include/libxml2",
					"$(SRCROOT)/..",
					../SocketRocket,
				);
				IPHONEOS_DEPLOYMENT_TARGET = 7.0;
				MTL_ENABLE_DEBUG_INFO = NO;
				OTHER_LDFLAGS = "-all_load";
				SDKROOT = iphoneos;
				VALIDATE_PRODUCT = YES;
				WARNING_CFLAGS = (
					"-Wno-dollar-in-identifier-extension",
					"-Wno-pointer-arith",
				);
			};
			name = Release;
		};
		7E00D3851B4D68720031D045 /* Debug */ = {
			isa = XCBuildConfiguration;
			buildSettings = {
				FRAMEWORK_SEARCH_PATHS = (
					"$(inherited)",
					"/Users/dodikk/projects/WebSocketXmpp-Workspace",
				);
				OTHER_LDFLAGS = "-ObjC";
				PRODUCT_NAME = "$(TARGET_NAME)";
				SKIP_INSTALL = YES;
			};
			name = Debug;
		};
		7E00D3861B4D68720031D045 /* Release */ = {
			isa = XCBuildConfiguration;
			buildSettings = {
				FRAMEWORK_SEARCH_PATHS = (
					"$(inherited)",
					"/Users/dodikk/projects/WebSocketXmpp-Workspace",
				);
				OTHER_LDFLAGS = "-ObjC";
				PRODUCT_NAME = "$(TARGET_NAME)";
				SKIP_INSTALL = YES;
			};
			name = Release;
		};
		7E00D3881B4D68720031D045 /* Debug */ = {
			isa = XCBuildConfiguration;
			buildSettings = {
				"CODE_SIGN_IDENTITY[sdk=iphoneos*]" = "iPhone Developer";
				FRAMEWORK_SEARCH_PATHS = (
					"$(SDKROOT)/Developer/Library/Frameworks",
					"$(inherited)",
				);
				GCC_PREPROCESSOR_DEFINITIONS = (
					"DEBUG=1",
					"$(inherited)",
				);
				INFOPLIST_FILE = HLJXmppWebSocketTests/Info.plist;
				LD_RUNPATH_SEARCH_PATHS = "$(inherited) @executable_path/Frameworks @loader_path/Frameworks";
				LIBRARY_SEARCH_PATHS = (
					"$(inherited)",
					../libidn,
				);
				PRODUCT_NAME = "$(TARGET_NAME)";
				WARNING_CFLAGS = (
					"-Wno-dollar-in-identifier-extension",
					"-Wno-pointer-arith",
					"-Wno-gnu",
				);
			};
			name = Debug;
		};
		7E00D3891B4D68720031D045 /* Release */ = {
			isa = XCBuildConfiguration;
			buildSettings = {
				"CODE_SIGN_IDENTITY[sdk=iphoneos*]" = "iPhone Developer";
				FRAMEWORK_SEARCH_PATHS = (
					"$(SDKROOT)/Developer/Library/Frameworks",
					"$(inherited)",
				);
				INFOPLIST_FILE = HLJXmppWebSocketTests/Info.plist;
				LD_RUNPATH_SEARCH_PATHS = "$(inherited) @executable_path/Frameworks @loader_path/Frameworks";
				LIBRARY_SEARCH_PATHS = (
					"$(inherited)",
					../libidn,
				);
				PRODUCT_NAME = "$(TARGET_NAME)";
				WARNING_CFLAGS = (
					"-Wno-dollar-in-identifier-extension",
					"-Wno-pointer-arith",
					"-Wno-gnu",
				);
			};
			name = Release;
		};
/* End XCBuildConfiguration section */

/* Begin XCConfigurationList section */
		7E00D36B1B4D68720031D045 /* Build configuration list for PBXProject "HLJXmppWebSocket" */ = {
			isa = XCConfigurationList;
			buildConfigurations = (
				7E00D3821B4D68720031D045 /* Debug */,
				7E00D3831B4D68720031D045 /* Release */,
			);
			defaultConfigurationIsVisible = 0;
			defaultConfigurationName = Release;
		};
		7E00D3841B4D68720031D045 /* Build configuration list for PBXNativeTarget "HLJXmppWebSocket" */ = {
			isa = XCConfigurationList;
			buildConfigurations = (
				7E00D3851B4D68720031D045 /* Debug */,
				7E00D3861B4D68720031D045 /* Release */,
			);
			defaultConfigurationIsVisible = 0;
			defaultConfigurationName = Release;
		};
		7E00D3871B4D68720031D045 /* Build configuration list for PBXNativeTarget "HLJXmppWebSocketTests" */ = {
			isa = XCConfigurationList;
			buildConfigurations = (
				7E00D3881B4D68720031D045 /* Debug */,
				7E00D3891B4D68720031D045 /* Release */,
			);
			defaultConfigurationIsVisible = 0;
			defaultConfigurationName = Release;
		};
/* End XCConfigurationList section */
	};
	rootObject = 7E00D3681B4D68720031D045 /* Project object */;
}
