<?xml version="1.0" encoding="UTF-8"?>
<!DOCTYPE plist PUBLIC "-//Apple//DTD PLIST 1.0//EN" "http://www.apple.com/DTDs/PropertyList-1.0.dtd">
<plist version="1.0">
<dict>
	<key>archiveVersion</key>
	<string>1</string>
	<key>classes</key>
	<dict/>
	<key>objectVersion</key>
	<string>46</string>
	<key>objects</key>
	<dict>
		<key>05F9F6BCD3CAF5CAF470B13B</key>
		<dict>
			<key>explicitFileType</key>
			<string>archive.ar</string>
			<key>includeInIndex</key>
			<string>0</string>
			<key>isa</key>
			<string>PBXFileReference</string>
			<key>path</key>
			<string>libPods-HLJXmppWebSocket.a</string>
			<key>sourceTree</key>
			<string>BUILT_PRODUCTS_DIR</string>
		</dict>
		<key>26D2B64CDDBCC769733A88BF</key>
		<dict>
			<key>children</key>
			<array>
				<string>A02369FE81B35869079C7B87</string>
				<string>F29129BF06345B8F2668ED5C</string>
			</array>
			<key>isa</key>
			<string>PBXGroup</string>
			<key>name</key>
			<string>Pods</string>
			<key>sourceTree</key>
			<string>&lt;group&gt;</string>
		</dict>
		<key>2B687CBDD1CE1D098906BCE1</key>
		<dict>
			<key>buildActionMask</key>
			<string>2147483647</string>
			<key>files</key>
			<array/>
			<key>inputPaths</key>
			<array/>
			<key>isa</key>
			<string>PBXShellScriptBuildPhase</string>
			<key>name</key>
			<string>&#128230; Check Pods Manifest.lock</string>
			<key>outputPaths</key>
			<array/>
			<key>runOnlyForDeploymentPostprocessing</key>
			<string>0</string>
			<key>shellPath</key>
			<string>/bin/sh</string>
			<key>shellScript</key>
			<string>diff "${PODS_ROOT}/../Podfile.lock" "${PODS_ROOT}/Manifest.lock" &gt; /dev/null
if [[ $? != 0 ]] ; then
    cat &lt;&lt; EOM
error: The sandbox is not in sync with the Podfile.lock. Run 'pod install' or update your CocoaPods installation.
EOM
    exit 1
fi
</string>
			<key>showEnvVarsInLog</key>
			<string>0</string>
		</dict>
		<key>3F1BCEF2352B2FD223DD92F8</key>
		<dict>
			<key>buildActionMask</key>
			<string>2147483647</string>
			<key>files</key>
			<array/>
			<key>inputPaths</key>
			<array/>
			<key>isa</key>
			<string>PBXShellScriptBuildPhase</string>
			<key>name</key>
			<string>&#128230; Copy Pods Resources</string>
			<key>outputPaths</key>
			<array/>
			<key>runOnlyForDeploymentPostprocessing</key>
			<string>0</string>
			<key>shellPath</key>
			<string>/bin/sh</string>
			<key>shellScript</key>
			<string>"${SRCROOT}/../../app/HealthJoy/Pods/Target Support Files/Pods-HLJXmppWebSocket/Pods-HLJXmppWebSocket-resources.sh"
</string>
			<key>showEnvVarsInLog</key>
			<string>0</string>
		</dict>
		<key>7DACE6451DFEF131000EFAED</key>
		<dict>
			<key>fileEncoding</key>
			<string>4</string>
			<key>isa</key>
			<string>PBXFileReference</string>
			<key>lastKnownFileType</key>
			<string>sourcecode.c.h</string>
			<key>path</key>
			<string>SRWebSocketProtocol.h</string>
			<key>sourceTree</key>
			<string>&lt;group&gt;</string>
		</dict>
		<key>7DACE64E1DFEF132000EFAED</key>
		<dict>
			<key>containerPortal</key>
			<string>7E45D2671B500530001F9ECC</string>
			<key>isa</key>
			<string>PBXContainerItemProxy</string>
			<key>proxyType</key>
			<string>2</string>
			<key>remoteGlobalIDString</key>
			<string>2D4227621BB4358C000C1A6C</string>
			<key>remoteInfo</key>
			<string>SocketRocket-iOS-Dynamic</string>
		</dict>
		<key>7DACE64F1DFEF132000EFAED</key>
		<dict>
			<key>fileType</key>
			<string>wrapper.framework</string>
			<key>isa</key>
			<string>PBXReferenceProxy</string>
			<key>path</key>
			<string>SocketRocket.framework</string>
			<key>remoteRef</key>
			<string>7DACE64E1DFEF132000EFAED</string>
			<key>sourceTree</key>
			<string>BUILT_PRODUCTS_DIR</string>
		</dict>
		<key>7DACE6501DFEF132000EFAED</key>
		<dict>
			<key>containerPortal</key>
			<string>7E45D2671B500530001F9ECC</string>
			<key>isa</key>
			<string>PBXContainerItemProxy</string>
			<key>proxyType</key>
			<string>2</string>
			<key>remoteGlobalIDString</key>
			<string>3345DC901C52ACD70083CCB8</string>
			<key>remoteInfo</key>
			<string>SocketRocket-tvOS</string>
		</dict>
		<key>7DACE6511DFEF132000EFAED</key>
		<dict>
			<key>fileType</key>
			<string>wrapper.framework</string>
			<key>isa</key>
			<string>PBXReferenceProxy</string>
			<key>path</key>
			<string>SocketRocket.framework</string>
			<key>remoteRef</key>
			<string>7DACE6501DFEF132000EFAED</string>
			<key>sourceTree</key>
			<string>BUILT_PRODUCTS_DIR</string>
		</dict>
		<key>7DC5EF701D4F8ED400E6CFC9</key>
		<dict>
			<key>children</key>
			<array>
				<string>7DC5EF711D4F8EED00E6CFC9</string>
			</array>
			<key>isa</key>
			<string>PBXGroup</string>
			<key>name</key>
			<string>Logger</string>
			<key>sourceTree</key>
			<string>&lt;group&gt;</string>
		</dict>
		<key>7DC5EF711D4F8EED00E6CFC9</key>
		<dict>
			<key>fileEncoding</key>
			<string>4</string>
			<key>isa</key>
			<string>PBXFileReference</string>
			<key>lastKnownFileType</key>
			<string>sourcecode.c.h</string>
			<key>name</key>
			<string>HJLogger.h</string>
			<key>path</key>
			<string>Logger/HJLogger.h</string>
			<key>sourceTree</key>
			<string>&lt;group&gt;</string>
		</dict>
		<key>7E00D3671B4D68720031D045</key>
		<dict>
			<key>children</key>
			<array>
				<string>7E7B9A9D1B4D726300FB15F1</string>
				<string>7E00D37F1B4D68720031D045</string>
				<string>7E00D3711B4D68720031D045</string>
				<string>26D2B64CDDBCC769733A88BF</string>
				<string>FE6A32A71B9D1C164E2DCD12</string>
			</array>
			<key>isa</key>
			<string>PBXGroup</string>
			<key>sourceTree</key>
			<string>&lt;group&gt;</string>
		</dict>
		<key>7E00D3681B4D68720031D045</key>
		<dict>
			<key>attributes</key>
			<dict>
				<key>LastUpgradeCheck</key>
				<string>0640</string>
				<key>ORGANIZATIONNAME</key>
				<string>healthjoy</string>
				<key>TargetAttributes</key>
				<dict>
					<key>7E00D36F1B4D68720031D045</key>
					<dict>
						<key>CreatedOnToolsVersion</key>
						<string>6.4</string>
					</dict>
					<key>7E00D37A1B4D68720031D045</key>
					<dict>
						<key>CreatedOnToolsVersion</key>
						<string>6.4</string>
					</dict>
				</dict>
			</dict>
			<key>buildConfigurationList</key>
			<string>7E00D36B1B4D68720031D045</string>
			<key>compatibilityVersion</key>
			<string>Xcode 3.2</string>
			<key>developmentRegion</key>
			<string>English</string>
			<key>hasScannedForEncodings</key>
			<string>0</string>
			<key>isa</key>
			<string>PBXProject</string>
			<key>knownRegions</key>
			<array>
				<string>en</string>
			</array>
			<key>mainGroup</key>
			<string>7E00D3671B4D68720031D045</string>
			<key>productRefGroup</key>
			<string>7E00D3711B4D68720031D045</string>
			<key>projectDirPath</key>
			<string></string>
			<key>projectReferences</key>
			<array>
				<dict>
					<key>ProductGroup</key>
					<string>7E45D2621B500525001F9ECC</string>
					<key>ProjectRef</key>
					<string>7E4F126B1B4FCB75001F1769</string>
				</dict>
				<dict>
					<key>ProductGroup</key>
					<string>7E226F5A1B500E5D00E9B35C</string>
					<key>ProjectRef</key>
					<string>7E226F591B500E5D00E9B35C</string>
				</dict>
				<dict>
					<key>ProductGroup</key>
					<string>7E45D2681B500530001F9ECC</string>
					<key>ProjectRef</key>
					<string>7E45D2671B500530001F9ECC</string>
				</dict>
				<dict>
					<key>ProductGroup</key>
					<string>7E226F331B50057400E9B35C</string>
					<key>ProjectRef</key>
					<string>7E26D5BE1B4EA1E10030F2DD</string>
				</dict>
			</array>
			<key>projectRoot</key>
			<string></string>
			<key>targets</key>
			<array>
				<string>7E00D36F1B4D68720031D045</string>
				<string>7E00D37A1B4D68720031D045</string>
			</array>
		</dict>
		<key>7E00D36B1B4D68720031D045</key>
		<dict>
			<key>buildConfigurations</key>
			<array>
				<string>7E00D3821B4D68720031D045</string>
				<string>7E00D3831B4D68720031D045</string>
			</array>
			<key>defaultConfigurationIsVisible</key>
			<string>0</string>
			<key>defaultConfigurationName</key>
			<string>Release</string>
			<key>isa</key>
			<string>XCConfigurationList</string>
		</dict>
		<key>7E00D36C1B4D68720031D045</key>
		<dict>
			<key>buildActionMask</key>
			<string>2147483647</string>
			<key>files</key>
			<array>
				<string>7EB9C41E1B559E8100F94871</string>
				<string>7E59C2FD1B6829DB003DAD15</string>
				<string>7ED5BD521B67C45D004F2BAF</string>
				<string>7E59C2FC1B6829DB003DAD15</string>
				<string>7E59C2F31B6829D5003DAD15</string>
				<string>7EB9C4211B559FE700F94871</string>
				<string>7EC77ABA1B622C260068A025</string>
				<string>7EEDFFBE1B5537910093DE7E</string>
				<string>7EB9C4241B55A24600F94871</string>
				<string>7EB0EE4E1B5945B900F319CC</string>
				<string>7E1962451B55995E00D4CD32</string>
				<string>7EB9C42D1B55A9DC00F94871</string>
				<string>7ECD4DB41B5D0A0900FB2C54</string>
				<string>7E26D5CF1B4EA94D0030F2DD</string>
				<string>7EFDD7CD1B55516200430942</string>
				<string>7EFDD7CA1B55514400430942</string>
				<string>7EB0EE451B59097800F319CC</string>
				<string>7EB9C4131B559C5200F94871</string>
				<string>7EB0EE061B58FDD200F319CC</string>
				<string>7EEDFFBA1B55335A0093DE7E</string>
				<string>7ED5BD5D1B67C4F7004F2BAF</string>
				<string>7EB9C42A1B55A8F500F94871</string>
				<string>7E226F6B1B501BEF00E9B35C</string>
				<string>7EEE81C01B567C29003FC7FC</string>
				<string>7EB9C4271B55A40D00F94871</string>
			</array>
			<key>isa</key>
			<string>PBXSourcesBuildPhase</string>
			<key>runOnlyForDeploymentPostprocessing</key>
			<string>0</string>
		</dict>
		<key>7E00D36D1B4D68720031D045</key>
		<dict>
			<key>buildActionMask</key>
			<string>2147483647</string>
			<key>files</key>
			<array>
				<string>DE17CF539653B721139C41BD</string>
			</array>
			<key>isa</key>
			<string>PBXFrameworksBuildPhase</string>
			<key>runOnlyForDeploymentPostprocessing</key>
			<string>0</string>
		</dict>
		<key>7E00D36E1B4D68720031D045</key>
		<dict>
			<key>buildActionMask</key>
			<string>2147483647</string>
			<key>dstPath</key>
			<string>include/$(PRODUCT_NAME)</string>
			<key>dstSubfolderSpec</key>
			<string>16</string>
			<key>files</key>
			<array/>
			<key>isa</key>
			<string>PBXCopyFilesBuildPhase</string>
			<key>runOnlyForDeploymentPostprocessing</key>
			<string>0</string>
		</dict>
		<key>7E00D36F1B4D68720031D045</key>
		<dict>
			<key>buildConfigurationList</key>
			<string>7E00D3841B4D68720031D045</string>
			<key>buildPhases</key>
			<array>
				<string>2B687CBDD1CE1D098906BCE1</string>
				<string>7E00D36C1B4D68720031D045</string>
				<string>7E00D36D1B4D68720031D045</string>
				<string>7E00D36E1B4D68720031D045</string>
				<string>3F1BCEF2352B2FD223DD92F8</string>
			</array>
			<key>buildRules</key>
			<array/>
			<key>dependencies</key>
			<array/>
			<key>isa</key>
			<string>PBXNativeTarget</string>
			<key>name</key>
			<string>HLJXmppWebSocket</string>
			<key>productName</key>
			<string>HLJXmppWebSocket</string>
			<key>productReference</key>
			<string>7E00D3701B4D68720031D045</string>
			<key>productType</key>
			<string>com.apple.product-type.library.static</string>
		</dict>
		<key>7E00D3701B4D68720031D045</key>
		<dict>
			<key>explicitFileType</key>
			<string>archive.ar</string>
			<key>includeInIndex</key>
			<string>0</string>
			<key>isa</key>
			<string>PBXFileReference</string>
			<key>path</key>
			<string>libHLJXmppWebSocket.a</string>
			<key>sourceTree</key>
			<string>BUILT_PRODUCTS_DIR</string>
		</dict>
		<key>7E00D3711B4D68720031D045</key>
		<dict>
			<key>children</key>
			<array>
				<string>7E00D3701B4D68720031D045</string>
				<string>7E00D37B1B4D68720031D045</string>
			</array>
			<key>isa</key>
			<string>PBXGroup</string>
			<key>name</key>
			<string>Products</string>
			<key>sourceTree</key>
			<string>&lt;group&gt;</string>
		</dict>
		<key>7E00D3771B4D68720031D045</key>
		<dict>
			<key>buildActionMask</key>
			<string>2147483647</string>
			<key>files</key>
			<array>
				<string>7E4398F51B5CF90B00FC6687</string>
				<string>7E8768991B598D660080835A</string>
				<string>7E45D25E1B500388001F9ECC</string>
			</array>
			<key>isa</key>
			<string>PBXSourcesBuildPhase</string>
			<key>runOnlyForDeploymentPostprocessing</key>
			<string>0</string>
		</dict>
		<key>7E00D3781B4D68720031D045</key>
		<dict>
			<key>buildActionMask</key>
			<string>2147483647</string>
			<key>files</key>
			<array>
				<string>7E4596FC1B54217F001AD170</string>
				<string>7E4596FA1B54087A001AD170</string>
				<string>7E226F671B500E6C00E9B35C</string>
				<string>7E226F581B50095100E9B35C</string>
				<string>7E226F521B5008FB00E9B35C</string>
				<string>7E226F4E1B50060C00E9B35C</string>
				<string>7E226F541B50091100E9B35C</string>
				<string>7E226F501B50060C00E9B35C</string>
				<string>7E00D37C1B4D68720031D045</string>
			</array>
			<key>isa</key>
			<string>PBXFrameworksBuildPhase</string>
			<key>runOnlyForDeploymentPostprocessing</key>
			<string>0</string>
		</dict>
		<key>7E00D3791B4D68720031D045</key>
		<dict>
			<key>buildActionMask</key>
			<string>2147483647</string>
			<key>files</key>
			<array>
				<string>7EB0EE471B59368E00F319CC</string>
			</array>
			<key>isa</key>
			<string>PBXResourcesBuildPhase</string>
			<key>runOnlyForDeploymentPostprocessing</key>
			<string>0</string>
		</dict>
		<key>7E00D37A1B4D68720031D045</key>
		<dict>
			<key>buildConfigurationList</key>
			<string>7E00D3871B4D68720031D045</string>
			<key>buildPhases</key>
			<array>
				<string>7E00D3771B4D68720031D045</string>
				<string>7E00D3781B4D68720031D045</string>
				<string>7E00D3791B4D68720031D045</string>
			</array>
			<key>buildRules</key>
			<array/>
			<key>dependencies</key>
			<array>
				<string>7E226F661B500E6600E9B35C</string>
				<string>7E226F4B1B5005FB00E9B35C</string>
				<string>7E226F4D1B5005FB00E9B35C</string>
				<string>7E00D37E1B4D68720031D045</string>
			</array>
			<key>isa</key>
			<string>PBXNativeTarget</string>
			<key>name</key>
			<string>HLJXmppWebSocketTests</string>
			<key>productName</key>
			<string>HLJXmppWebSocketTests</string>
			<key>productReference</key>
			<string>7E00D37B1B4D68720031D045</string>
			<key>productType</key>
			<string>com.apple.product-type.bundle.unit-test</string>
		</dict>
		<key>7E00D37B1B4D68720031D045</key>
		<dict>
			<key>explicitFileType</key>
			<string>wrapper.cfbundle</string>
			<key>includeInIndex</key>
			<string>0</string>
			<key>isa</key>
			<string>PBXFileReference</string>
			<key>path</key>
			<string>HLJXmppWebSocketTests.xctest</string>
			<key>sourceTree</key>
			<string>BUILT_PRODUCTS_DIR</string>
		</dict>
		<key>7E00D37C1B4D68720031D045</key>
		<dict>
			<key>fileRef</key>
			<string>7E00D3701B4D68720031D045</string>
			<key>isa</key>
			<string>PBXBuildFile</string>
		</dict>
		<key>7E00D37D1B4D68720031D045</key>
		<dict>
			<key>containerPortal</key>
			<string>7E00D3681B4D68720031D045</string>
			<key>isa</key>
			<string>PBXContainerItemProxy</string>
			<key>proxyType</key>
			<string>1</string>
			<key>remoteGlobalIDString</key>
			<string>7E00D36F1B4D68720031D045</string>
			<key>remoteInfo</key>
			<string>HLJXmppWebSocket</string>
		</dict>
		<key>7E00D37E1B4D68720031D045</key>
		<dict>
			<key>isa</key>
			<string>PBXTargetDependency</string>
			<key>target</key>
			<string>7E00D36F1B4D68720031D045</string>
			<key>targetProxy</key>
			<string>7E00D37D1B4D68720031D045</string>
		</dict>
		<key>7E00D37F1B4D68720031D045</key>
		<dict>
			<key>children</key>
			<array>
				<string>7EB0EE461B59368E00F319CC</string>
				<string>7E4596FB1B54217F001AD170</string>
				<string>7E4596F91B54087A001AD170</string>
				<string>7E226F571B50095100E9B35C</string>
				<string>7E226F511B5008FB00E9B35C</string>
				<string>7E226F531B50091100E9B35C</string>
				<string>7E226F591B500E5D00E9B35C</string>
				<string>7E45D2671B500530001F9ECC</string>
				<string>7E4F126B1B4FCB75001F1769</string>
				<string>7E26D5BE1B4EA1E10030F2DD</string>
				<string>7E00D3801B4D68720031D045</string>
				<string>7E45D25D1B500388001F9ECC</string>
				<string>7E8768981B598D660080835A</string>
				<string>7E4398F41B5CF90B00FC6687</string>
			</array>
			<key>isa</key>
			<string>PBXGroup</string>
			<key>path</key>
			<string>HLJXmppWebSocketTests</string>
			<key>sourceTree</key>
			<string>&lt;group&gt;</string>
		</dict>
		<key>7E00D3801B4D68720031D045</key>
		<dict>
			<key>children</key>
			<array>
				<string>7E00D3811B4D68720031D045</string>
			</array>
			<key>isa</key>
			<string>PBXGroup</string>
			<key>name</key>
			<string>Supporting Files</string>
			<key>sourceTree</key>
			<string>&lt;group&gt;</string>
		</dict>
		<key>7E00D3811B4D68720031D045</key>
		<dict>
			<key>isa</key>
			<string>PBXFileReference</string>
			<key>lastKnownFileType</key>
			<string>text.plist.xml</string>
			<key>path</key>
			<string>Info.plist</string>
			<key>sourceTree</key>
			<string>&lt;group&gt;</string>
		</dict>
		<key>7E00D3821B4D68720031D045</key>
		<dict>
			<key>buildSettings</key>
			<dict>
				<key>ALWAYS_SEARCH_USER_PATHS</key>
				<string>NO</string>
				<key>CLANG_ANALYZER_SECURITY_FLOATLOOPCOUNTER</key>
				<string>YES</string>
				<key>CLANG_ANALYZER_SECURITY_INSECUREAPI_RAND</key>
				<string>YES</string>
				<key>CLANG_ANALYZER_SECURITY_INSECUREAPI_STRCPY</key>
				<string>YES</string>
				<key>CLANG_CXX_LANGUAGE_STANDARD</key>
				<string>gnu++0x</string>
				<key>CLANG_CXX_LIBRARY</key>
				<string>libc++</string>
				<key>CLANG_ENABLE_MODULES</key>
				<string>YES</string>
				<key>CLANG_ENABLE_OBJC_ARC</key>
				<string>YES</string>
				<key>CLANG_WARN_ASSIGN_ENUM</key>
				<string>YES</string>
				<key>CLANG_WARN_BOOL_CONVERSION</key>
				<string>YES</string>
				<key>CLANG_WARN_CONSTANT_CONVERSION</key>
				<string>YES</string>
				<key>CLANG_WARN_CXX0X_EXTENSIONS</key>
				<string>YES</string>
				<key>CLANG_WARN_DIRECT_OBJC_ISA_USAGE</key>
				<string>YES_ERROR</string>
				<key>CLANG_WARN_EMPTY_BODY</key>
				<string>YES</string>
				<key>CLANG_WARN_ENUM_CONVERSION</key>
				<string>YES</string>
				<key>CLANG_WARN_IMPLICIT_SIGN_CONVERSION</key>
				<string>YES</string>
				<key>CLANG_WARN_INT_CONVERSION</key>
				<string>YES</string>
				<key>CLANG_WARN_OBJC_IMPLICIT_ATOMIC_PROPERTIES</key>
				<string>YES</string>
				<key>CLANG_WARN_OBJC_IMPLICIT_RETAIN_SELF</key>
				<string>YES</string>
				<key>CLANG_WARN_OBJC_RECEIVER_WEAK</key>
				<string>YES</string>
				<key>CLANG_WARN_OBJC_REPEATED_USE_OF_WEAK</key>
				<string>YES</string>
				<key>CLANG_WARN_OBJC_ROOT_CLASS</key>
				<string>YES_ERROR</string>
				<key>CLANG_WARN_SUSPICIOUS_IMPLICIT_CONVERSION</key>
				<string>YES</string>
				<key>CLANG_WARN_UNREACHABLE_CODE</key>
				<string>YES</string>
				<key>CLANG_WARN__DUPLICATE_METHOD_MATCH</key>
				<string>YES</string>
				<key>COPY_PHASE_STRIP</key>
				<string>NO</string>
				<key>DEBUG_INFORMATION_FORMAT</key>
				<string>dwarf-with-dsym</string>
				<key>ENABLE_STRICT_OBJC_MSGSEND</key>
				<string>YES</string>
				<key>GCC_C_LANGUAGE_STANDARD</key>
				<string>gnu99</string>
				<key>GCC_DYNAMIC_NO_PIC</key>
				<string>NO</string>
				<key>GCC_INCREASE_PRECOMPILED_HEADER_SHARING</key>
				<string>YES</string>
				<key>GCC_NO_COMMON_BLOCKS</key>
				<string>YES</string>
				<key>GCC_OPTIMIZATION_LEVEL</key>
				<string>0</string>
				<key>GCC_PRECOMPILE_PREFIX_HEADER</key>
				<string>YES</string>
				<key>GCC_PREFIX_HEADER</key>
				<string>HLJXmppWebSocket.pch</string>
				<key>GCC_PREPROCESSOR_DEFINITIONS</key>
				<array>
					<string>DEBUG=1</string>
					<string>$(inherited)</string>
				</array>
				<key>GCC_SYMBOLS_PRIVATE_EXTERN</key>
				<string>NO</string>
				<key>GCC_TREAT_WARNINGS_AS_ERRORS</key>
				<string>YES</string>
				<key>GCC_WARN_64_TO_32_BIT_CONVERSION</key>
				<string>YES</string>
				<key>GCC_WARN_ABOUT_RETURN_TYPE</key>
				<string>YES_ERROR</string>
				<key>GCC_WARN_FOUR_CHARACTER_CONSTANTS</key>
				<string>YES</string>
				<key>GCC_WARN_NON_VIRTUAL_DESTRUCTOR</key>
				<string>YES</string>
				<key>GCC_WARN_PEDANTIC</key>
				<string>YES</string>
				<key>GCC_WARN_SIGN_COMPARE</key>
				<string>YES</string>
				<key>GCC_WARN_UNDECLARED_SELECTOR</key>
				<string>YES</string>
				<key>GCC_WARN_UNINITIALIZED_AUTOS</key>
				<string>YES_AGGRESSIVE</string>
				<key>GCC_WARN_UNUSED_FUNCTION</key>
				<string>YES</string>
				<key>GCC_WARN_UNUSED_VARIABLE</key>
				<string>YES</string>
				<key>HEADER_SEARCH_PATHS</key>
				<array>
					<string>$(inherited)</string>
					<string>/Applications/Xcode.app/Contents/Developer/Toolchains/XcodeDefault.xctoolchain/usr/include</string>
					<string>..</string>
					<string>../KissXML</string>
					<string>$(SDKROOT)/usr/include/libxml2</string>
					<string>$(SRCROOT)/..</string>
					<string>../SocketRocket</string>
				</array>
				<key>IPHONEOS_DEPLOYMENT_TARGET</key>
				<string>7.0</string>
				<key>MTL_ENABLE_DEBUG_INFO</key>
				<string>YES</string>
				<key>ONLY_ACTIVE_ARCH</key>
				<string>YES</string>
				<key>OTHER_LDFLAGS</key>
				<string>-all_load</string>
				<key>SDKROOT</key>
				<string>iphoneos</string>
				<key>WARNING_CFLAGS</key>
				<array>
					<string>-Wno-dollar-in-identifier-extension</string>
					<string>-Wno-pointer-arith</string>
				</array>
			</dict>
			<key>isa</key>
			<string>XCBuildConfiguration</string>
			<key>name</key>
			<string>Debug</string>
		</dict>
		<key>7E00D3831B4D68720031D045</key>
		<dict>
			<key>buildSettings</key>
			<dict>
				<key>ALWAYS_SEARCH_USER_PATHS</key>
				<string>NO</string>
				<key>CLANG_ANALYZER_SECURITY_FLOATLOOPCOUNTER</key>
				<string>YES</string>
				<key>CLANG_ANALYZER_SECURITY_INSECUREAPI_RAND</key>
				<string>YES</string>
				<key>CLANG_ANALYZER_SECURITY_INSECUREAPI_STRCPY</key>
				<string>YES</string>
				<key>CLANG_CXX_LANGUAGE_STANDARD</key>
				<string>gnu++0x</string>
				<key>CLANG_CXX_LIBRARY</key>
				<string>libc++</string>
				<key>CLANG_ENABLE_MODULES</key>
				<string>YES</string>
				<key>CLANG_ENABLE_OBJC_ARC</key>
				<string>YES</string>
				<key>CLANG_WARN_ASSIGN_ENUM</key>
				<string>YES</string>
				<key>CLANG_WARN_BOOL_CONVERSION</key>
				<string>YES</string>
				<key>CLANG_WARN_CONSTANT_CONVERSION</key>
				<string>YES</string>
				<key>CLANG_WARN_CXX0X_EXTENSIONS</key>
				<string>YES</string>
				<key>CLANG_WARN_DIRECT_OBJC_ISA_USAGE</key>
				<string>YES_ERROR</string>
				<key>CLANG_WARN_EMPTY_BODY</key>
				<string>YES</string>
				<key>CLANG_WARN_ENUM_CONVERSION</key>
				<string>YES</string>
				<key>CLANG_WARN_IMPLICIT_SIGN_CONVERSION</key>
				<string>YES</string>
				<key>CLANG_WARN_INT_CONVERSION</key>
				<string>YES</string>
				<key>CLANG_WARN_OBJC_IMPLICIT_ATOMIC_PROPERTIES</key>
				<string>YES</string>
				<key>CLANG_WARN_OBJC_IMPLICIT_RETAIN_SELF</key>
				<string>YES</string>
				<key>CLANG_WARN_OBJC_RECEIVER_WEAK</key>
				<string>YES</string>
				<key>CLANG_WARN_OBJC_REPEATED_USE_OF_WEAK</key>
				<string>YES</string>
				<key>CLANG_WARN_OBJC_ROOT_CLASS</key>
				<string>YES_ERROR</string>
				<key>CLANG_WARN_SUSPICIOUS_IMPLICIT_CONVERSION</key>
				<string>YES</string>
				<key>CLANG_WARN_UNREACHABLE_CODE</key>
				<string>YES</string>
				<key>CLANG_WARN__DUPLICATE_METHOD_MATCH</key>
				<string>YES</string>
				<key>COPY_PHASE_STRIP</key>
				<string>NO</string>
				<key>DEBUG_INFORMATION_FORMAT</key>
				<string>dwarf-with-dsym</string>
				<key>ENABLE_NS_ASSERTIONS</key>
				<string>NO</string>
				<key>ENABLE_STRICT_OBJC_MSGSEND</key>
				<string>YES</string>
				<key>GCC_C_LANGUAGE_STANDARD</key>
				<string>gnu99</string>
				<key>GCC_INCREASE_PRECOMPILED_HEADER_SHARING</key>
				<string>YES</string>
				<key>GCC_NO_COMMON_BLOCKS</key>
				<string>YES</string>
				<key>GCC_PRECOMPILE_PREFIX_HEADER</key>
				<string>YES</string>
				<key>GCC_PREFIX_HEADER</key>
				<string>HLJXmppWebSocket.pch</string>
				<key>GCC_TREAT_WARNINGS_AS_ERRORS</key>
				<string>YES</string>
				<key>GCC_WARN_64_TO_32_BIT_CONVERSION</key>
				<string>YES</string>
				<key>GCC_WARN_ABOUT_RETURN_TYPE</key>
				<string>YES_ERROR</string>
				<key>GCC_WARN_FOUR_CHARACTER_CONSTANTS</key>
				<string>YES</string>
				<key>GCC_WARN_NON_VIRTUAL_DESTRUCTOR</key>
				<string>YES</string>
				<key>GCC_WARN_PEDANTIC</key>
				<string>YES</string>
				<key>GCC_WARN_SIGN_COMPARE</key>
				<string>YES</string>
				<key>GCC_WARN_UNDECLARED_SELECTOR</key>
				<string>YES</string>
				<key>GCC_WARN_UNINITIALIZED_AUTOS</key>
				<string>YES_AGGRESSIVE</string>
				<key>GCC_WARN_UNUSED_FUNCTION</key>
				<string>YES</string>
				<key>GCC_WARN_UNUSED_VARIABLE</key>
				<string>YES</string>
				<key>HEADER_SEARCH_PATHS</key>
				<array>
					<string>$(inherited)</string>
					<string>/Applications/Xcode.app/Contents/Developer/Toolchains/XcodeDefault.xctoolchain/usr/include</string>
					<string>..</string>
					<string>../KissXML</string>
					<string>$(SDKROOT)/usr/include/libxml2</string>
					<string>$(SRCROOT)/..</string>
					<string>../SocketRocket</string>
				</array>
				<key>IPHONEOS_DEPLOYMENT_TARGET</key>
				<string>7.0</string>
				<key>MTL_ENABLE_DEBUG_INFO</key>
				<string>NO</string>
				<key>OTHER_LDFLAGS</key>
				<string>-all_load</string>
				<key>SDKROOT</key>
				<string>iphoneos</string>
				<key>VALIDATE_PRODUCT</key>
				<string>YES</string>
				<key>WARNING_CFLAGS</key>
				<array>
					<string>-Wno-dollar-in-identifier-extension</string>
					<string>-Wno-pointer-arith</string>
				</array>
			</dict>
			<key>isa</key>
			<string>XCBuildConfiguration</string>
			<key>name</key>
			<string>Release</string>
		</dict>
		<key>7E00D3841B4D68720031D045</key>
		<dict>
			<key>buildConfigurations</key>
			<array>
				<string>7E00D3851B4D68720031D045</string>
				<string>7E00D3861B4D68720031D045</string>
			</array>
			<key>defaultConfigurationIsVisible</key>
			<string>0</string>
			<key>defaultConfigurationName</key>
			<string>Release</string>
			<key>isa</key>
			<string>XCConfigurationList</string>
		</dict>
		<key>7E00D3851B4D68720031D045</key>
		<dict>
			<key>baseConfigurationReference</key>
			<string>A02369FE81B35869079C7B87</string>
			<key>buildSettings</key>
			<dict>
				<key>FRAMEWORK_SEARCH_PATHS</key>
				<array>
					<string>$(inherited)</string>
					<string>/Users/dodikk/projects/WebSocketXmpp-Workspace</string>
				</array>
				<key>HEADER_SEARCH_PATHS</key>
				<array>
					<string>$(inherited)</string>
					<string>/Applications/Xcode.app/Contents/Developer/Toolchains/XcodeDefault.xctoolchain/usr/include</string>
					<string>..</string>
					<string>../KissXML</string>
					<string>$(SDKROOT)/usr/include/libxml2</string>
					<string>$(SRCROOT)/..</string>
					<string>../SocketRocket</string>
					<string>../../lib/HealthJoyChat</string>
				</array>
				<key>OTHER_LDFLAGS</key>
				<string>-ObjC</string>
				<key>PRODUCT_NAME</key>
				<string>$(TARGET_NAME)</string>
				<key>SKIP_INSTALL</key>
				<string>YES</string>
			</dict>
			<key>isa</key>
			<string>XCBuildConfiguration</string>
			<key>name</key>
			<string>Debug</string>
		</dict>
		<key>7E00D3861B4D68720031D045</key>
		<dict>
			<key>baseConfigurationReference</key>
			<string>F29129BF06345B8F2668ED5C</string>
			<key>buildSettings</key>
			<dict>
				<key>FRAMEWORK_SEARCH_PATHS</key>
				<array>
					<string>$(inherited)</string>
					<string>/Users/dodikk/projects/WebSocketXmpp-Workspace</string>
				</array>
				<key>HEADER_SEARCH_PATHS</key>
				<array>
					<string>$(inherited)</string>
					<string>/Applications/Xcode.app/Contents/Developer/Toolchains/XcodeDefault.xctoolchain/usr/include</string>
					<string>..</string>
					<string>../KissXML</string>
					<string>$(SDKROOT)/usr/include/libxml2</string>
					<string>$(SRCROOT)/..</string>
					<string>../SocketRocket</string>
					<string>../../lib/HealthJoyChat</string>
				</array>
				<key>OTHER_LDFLAGS</key>
				<string>-ObjC</string>
				<key>PRODUCT_NAME</key>
				<string>$(TARGET_NAME)</string>
				<key>SKIP_INSTALL</key>
				<string>YES</string>
			</dict>
			<key>isa</key>
			<string>XCBuildConfiguration</string>
			<key>name</key>
			<string>Release</string>
		</dict>
		<key>7E00D3871B4D68720031D045</key>
		<dict>
			<key>buildConfigurations</key>
			<array>
				<string>7E00D3881B4D68720031D045</string>
				<string>7E00D3891B4D68720031D045</string>
			</array>
			<key>defaultConfigurationIsVisible</key>
			<string>0</string>
			<key>defaultConfigurationName</key>
			<string>Release</string>
			<key>isa</key>
			<string>XCConfigurationList</string>
		</dict>
		<key>7E00D3881B4D68720031D045</key>
		<dict>
			<key>buildSettings</key>
			<dict>
				<key>CODE_SIGN_IDENTITY[sdk=iphoneos*]</key>
				<string>iPhone Developer</string>
				<key>FRAMEWORK_SEARCH_PATHS</key>
				<array>
					<string>$(SDKROOT)/Developer/Library/Frameworks</string>
					<string>$(inherited)</string>
				</array>
				<key>GCC_PREPROCESSOR_DEFINITIONS</key>
				<array>
					<string>DEBUG=1</string>
					<string>$(inherited)</string>
				</array>
				<key>INFOPLIST_FILE</key>
				<string>HLJXmppWebSocketTests/Info.plist</string>
				<key>LD_RUNPATH_SEARCH_PATHS</key>
				<string>$(inherited) @executable_path/Frameworks @loader_path/Frameworks</string>
				<key>LIBRARY_SEARCH_PATHS</key>
				<array>
					<string>$(inherited)</string>
					<string>../libidn</string>
				</array>
				<key>PRODUCT_NAME</key>
				<string>$(TARGET_NAME)</string>
				<key>WARNING_CFLAGS</key>
				<array>
					<string>-Wno-dollar-in-identifier-extension</string>
					<string>-Wno-pointer-arith</string>
					<string>-Wno-gnu</string>
				</array>
			</dict>
			<key>isa</key>
			<string>XCBuildConfiguration</string>
			<key>name</key>
			<string>Debug</string>
		</dict>
		<key>7E00D3891B4D68720031D045</key>
		<dict>
			<key>buildSettings</key>
			<dict>
				<key>CODE_SIGN_IDENTITY[sdk=iphoneos*]</key>
				<string>iPhone Developer</string>
				<key>FRAMEWORK_SEARCH_PATHS</key>
				<array>
					<string>$(SDKROOT)/Developer/Library/Frameworks</string>
					<string>$(inherited)</string>
				</array>
				<key>INFOPLIST_FILE</key>
				<string>HLJXmppWebSocketTests/Info.plist</string>
				<key>LD_RUNPATH_SEARCH_PATHS</key>
				<string>$(inherited) @executable_path/Frameworks @loader_path/Frameworks</string>
				<key>LIBRARY_SEARCH_PATHS</key>
				<array>
					<string>$(inherited)</string>
					<string>../libidn</string>
				</array>
				<key>PRODUCT_NAME</key>
				<string>$(TARGET_NAME)</string>
				<key>WARNING_CFLAGS</key>
				<array>
					<string>-Wno-dollar-in-identifier-extension</string>
					<string>-Wno-pointer-arith</string>
					<string>-Wno-gnu</string>
				</array>
			</dict>
			<key>isa</key>
			<string>XCBuildConfiguration</string>
			<key>name</key>
			<string>Release</string>
		</dict>
		<key>7E15409A1B599F01007771A8</key>
		<dict>
			<key>fileEncoding</key>
			<string>4</string>
			<key>isa</key>
			<string>PBXFileReference</string>
			<key>lastKnownFileType</key>
			<string>sourcecode.c.h</string>
			<key>path</key>
			<string>HJMockErrorAttachmentUploader.h</string>
			<key>sourceTree</key>
			<string>&lt;group&gt;</string>
		</dict>
		<key>7E15409B1B599F01007771A8</key>
		<dict>
			<key>fileEncoding</key>
			<string>4</string>
			<key>isa</key>
			<string>PBXFileReference</string>
			<key>lastKnownFileType</key>
			<string>sourcecode.c.objc</string>
			<key>path</key>
			<string>HJMockErrorAttachmentUploader.m</string>
			<key>sourceTree</key>
			<string>&lt;group&gt;</string>
		</dict>
		<key>7E19623A1B55993E00D4CD32</key>
		<dict>
			<key>children</key>
			<array>
				<string>7E1962431B55995E00D4CD32</string>
				<string>7E1962441B55995E00D4CD32</string>
				<string>7EB9C41C1B559E8100F94871</string>
				<string>7EB9C41D1B559E8100F94871</string>
				<string>7EB9C4221B55A24600F94871</string>
				<string>7EB9C4231B55A24600F94871</string>
				<string>7EB9C4251B55A40D00F94871</string>
				<string>7EB9C4261B55A40D00F94871</string>
				<string>7EB9C4281B55A8F500F94871</string>
				<string>7EB9C4291B55A8F500F94871</string>
				<string>7EB9C42B1B55A9DC00F94871</string>
				<string>7EB9C42C1B55A9DC00F94871</string>
				<string>7EB0EE041B58FDD200F319CC</string>
				<string>7EB0EE051B58FDD200F319CC</string>
			</array>
			<key>isa</key>
			<string>PBXGroup</string>
			<key>path</key>
			<string>Parser</string>
			<key>sourceTree</key>
			<string>&lt;group&gt;</string>
		</dict>
		<key>7E1962431B55995E00D4CD32</key>
		<dict>
			<key>fileEncoding</key>
			<string>4</string>
			<key>isa</key>
			<string>PBXFileReference</string>
			<key>lastKnownFileType</key>
			<string>sourcecode.c.h</string>
			<key>path</key>
			<string>HJBindResponseParser.h</string>
			<key>sourceTree</key>
			<string>&lt;group&gt;</string>
		</dict>
		<key>7E1962441B55995E00D4CD32</key>
		<dict>
			<key>fileEncoding</key>
			<string>4</string>
			<key>isa</key>
			<string>PBXFileReference</string>
			<key>lastKnownFileType</key>
			<string>sourcecode.c.objc</string>
			<key>path</key>
			<string>HJBindResponseParser.m</string>
			<key>sourceTree</key>
			<string>&lt;group&gt;</string>
		</dict>
		<key>7E1962451B55995E00D4CD32</key>
		<dict>
			<key>fileRef</key>
			<string>7E1962441B55995E00D4CD32</string>
			<key>isa</key>
			<string>PBXBuildFile</string>
		</dict>
		<key>7E226F331B50057400E9B35C</key>
		<dict>
			<key>children</key>
			<array>
				<string>7E226F3F1B50057400E9B35C</string>
				<string>7E226F411B50057400E9B35C</string>
			</array>
			<key>isa</key>
			<string>PBXGroup</string>
			<key>name</key>
			<string>Products</string>
			<key>sourceTree</key>
			<string>&lt;group&gt;</string>
		</dict>
		<key>7E226F3E1B50057400E9B35C</key>
		<dict>
			<key>containerPortal</key>
			<string>7E26D5BE1B4EA1E10030F2DD</string>
			<key>isa</key>
			<string>PBXContainerItemProxy</string>
			<key>proxyType</key>
			<string>2</string>
			<key>remoteGlobalIDString</key>
			<string>7E7721001B4D84130082FA43</string>
			<key>remoteInfo</key>
			<string>XmppFrameworkParsers</string>
		</dict>
		<key>7E226F3F1B50057400E9B35C</key>
		<dict>
			<key>fileType</key>
			<string>archive.ar</string>
			<key>isa</key>
			<string>PBXReferenceProxy</string>
			<key>path</key>
			<string>libXmppFrameworkParsers.a</string>
			<key>remoteRef</key>
			<string>7E226F3E1B50057400E9B35C</string>
			<key>sourceTree</key>
			<string>BUILT_PRODUCTS_DIR</string>
		</dict>
		<key>7E226F401B50057400E9B35C</key>
		<dict>
			<key>containerPortal</key>
			<string>7E26D5BE1B4EA1E10030F2DD</string>
			<key>isa</key>
			<string>PBXContainerItemProxy</string>
			<key>proxyType</key>
			<string>2</string>
			<key>remoteGlobalIDString</key>
			<string>7E77210B1B4D84130082FA43</string>
			<key>remoteInfo</key>
			<string>XmppFrameworkParsersTests</string>
		</dict>
		<key>7E226F411B50057400E9B35C</key>
		<dict>
			<key>fileType</key>
			<string>wrapper.cfbundle</string>
			<key>isa</key>
			<string>PBXReferenceProxy</string>
			<key>path</key>
			<string>XmppFrameworkParsersTests.xctest</string>
			<key>remoteRef</key>
			<string>7E226F401B50057400E9B35C</string>
			<key>sourceTree</key>
			<string>BUILT_PRODUCTS_DIR</string>
		</dict>
		<key>7E226F4A1B5005FB00E9B35C</key>
		<dict>
			<key>containerPortal</key>
			<string>7E4F126B1B4FCB75001F1769</string>
			<key>isa</key>
			<string>PBXContainerItemProxy</string>
			<key>proxyType</key>
			<string>1</string>
			<key>remoteGlobalIDString</key>
			<string>7E7720B71B4D75740082FA43</string>
			<key>remoteInfo</key>
			<string>KissXML-iOS</string>
		</dict>
		<key>7E226F4B1B5005FB00E9B35C</key>
		<dict>
			<key>isa</key>
			<string>PBXTargetDependency</string>
			<key>name</key>
			<string>KissXML-iOS</string>
			<key>targetProxy</key>
			<string>7E226F4A1B5005FB00E9B35C</string>
		</dict>
		<key>7E226F4C1B5005FB00E9B35C</key>
		<dict>
			<key>containerPortal</key>
			<string>7E26D5BE1B4EA1E10030F2DD</string>
			<key>isa</key>
			<string>PBXContainerItemProxy</string>
			<key>proxyType</key>
			<string>1</string>
			<key>remoteGlobalIDString</key>
			<string>7E7720FF1B4D84130082FA43</string>
			<key>remoteInfo</key>
			<string>XmppFrameworkParsers</string>
		</dict>
		<key>7E226F4D1B5005FB00E9B35C</key>
		<dict>
			<key>isa</key>
			<string>PBXTargetDependency</string>
			<key>name</key>
			<string>XmppFrameworkParsers</string>
			<key>targetProxy</key>
			<string>7E226F4C1B5005FB00E9B35C</string>
		</dict>
		<key>7E226F4E1B50060C00E9B35C</key>
		<dict>
			<key>fileRef</key>
			<string>7E45D2661B500525001F9ECC</string>
			<key>isa</key>
			<string>PBXBuildFile</string>
		</dict>
		<key>7E226F501B50060C00E9B35C</key>
		<dict>
			<key>fileRef</key>
			<string>7E226F3F1B50057400E9B35C</string>
			<key>isa</key>
			<string>PBXBuildFile</string>
		</dict>
		<key>7E226F511B5008FB00E9B35C</key>
		<dict>
			<key>isa</key>
			<string>PBXFileReference</string>
			<key>lastKnownFileType</key>
			<string>compiled.mach-o.dylib</string>
			<key>name</key>
			<string>libxml2.dylib</string>
			<key>path</key>
			<string>usr/lib/libxml2.dylib</string>
			<key>sourceTree</key>
			<string>SDKROOT</string>
		</dict>
		<key>7E226F521B5008FB00E9B35C</key>
		<dict>
			<key>fileRef</key>
			<string>7E226F511B5008FB00E9B35C</string>
			<key>isa</key>
			<string>PBXBuildFile</string>
		</dict>
		<key>7E226F531B50091100E9B35C</key>
		<dict>
			<key>isa</key>
			<string>PBXFileReference</string>
			<key>lastKnownFileType</key>
			<string>archive.ar</string>
			<key>name</key>
			<string>libidn.a</string>
			<key>path</key>
			<string>../../libidn/libidn.a</string>
			<key>sourceTree</key>
			<string>&lt;group&gt;</string>
		</dict>
		<key>7E226F541B50091100E9B35C</key>
		<dict>
			<key>fileRef</key>
			<string>7E226F531B50091100E9B35C</string>
			<key>isa</key>
			<string>PBXBuildFile</string>
		</dict>
		<key>7E226F571B50095100E9B35C</key>
		<dict>
			<key>isa</key>
			<string>PBXFileReference</string>
			<key>lastKnownFileType</key>
			<string>compiled.mach-o.dylib</string>
			<key>name</key>
			<string>libicucore.dylib</string>
			<key>path</key>
			<string>usr/lib/libicucore.dylib</string>
			<key>sourceTree</key>
			<string>SDKROOT</string>
		</dict>
		<key>7E226F581B50095100E9B35C</key>
		<dict>
			<key>fileRef</key>
			<string>7E226F571B50095100E9B35C</string>
			<key>isa</key>
			<string>PBXBuildFile</string>
		</dict>
		<key>7E226F591B500E5D00E9B35C</key>
		<dict>
			<key>isa</key>
			<string>PBXFileReference</string>
			<key>lastKnownFileType</key>
			<string>wrapper.pb-project</string>
			<key>name</key>
			<string>LinqToObjectiveC.xcodeproj</string>
			<key>path</key>
			<string>../../LinqToObjectiveC/LinqToObjectiveC/LinqToObjectiveC.xcodeproj</string>
			<key>sourceTree</key>
			<string>&lt;group&gt;</string>
		</dict>
		<key>7E226F5A1B500E5D00E9B35C</key>
		<dict>
			<key>children</key>
			<array>
				<string>7E226F601B500E5D00E9B35C</string>
				<string>7E226F621B500E5D00E9B35C</string>
				<string>7E226F641B500E5D00E9B35C</string>
			</array>
			<key>isa</key>
			<string>PBXGroup</string>
			<key>name</key>
			<string>Products</string>
			<key>sourceTree</key>
			<string>&lt;group&gt;</string>
		</dict>
		<key>7E226F5F1B500E5D00E9B35C</key>
		<dict>
			<key>containerPortal</key>
			<string>7E226F591B500E5D00E9B35C</string>
			<key>isa</key>
			<string>PBXContainerItemProxy</string>
			<key>proxyType</key>
			<string>2</string>
			<key>remoteGlobalIDString</key>
			<string>7E8F43811A8B92D5000F5D01</string>
			<key>remoteInfo</key>
			<string>LinqToObjectiveC</string>
		</dict>
		<key>7E226F601B500E5D00E9B35C</key>
		<dict>
			<key>fileType</key>
			<string>archive.ar</string>
			<key>isa</key>
			<string>PBXReferenceProxy</string>
			<key>path</key>
			<string>libLinqToObjectiveC.a</string>
			<key>remoteRef</key>
			<string>7E226F5F1B500E5D00E9B35C</string>
			<key>sourceTree</key>
			<string>BUILT_PRODUCTS_DIR</string>
		</dict>
		<key>7E226F611B500E5D00E9B35C</key>
		<dict>
			<key>containerPortal</key>
			<string>7E226F591B500E5D00E9B35C</string>
			<key>isa</key>
			<string>PBXContainerItemProxy</string>
			<key>proxyType</key>
			<string>2</string>
			<key>remoteGlobalIDString</key>
			<string>7EEE35A81AB4711000668C3E</string>
			<key>remoteInfo</key>
			<string>LinqToObjectiveC-iOS-dynamic</string>
		</dict>
		<key>7E226F621B500E5D00E9B35C</key>
		<dict>
			<key>fileType</key>
			<string>wrapper.framework</string>
			<key>isa</key>
			<string>PBXReferenceProxy</string>
			<key>path</key>
			<string>LinqToObjectiveC.framework</string>
			<key>remoteRef</key>
			<string>7E226F611B500E5D00E9B35C</string>
			<key>sourceTree</key>
			<string>BUILT_PRODUCTS_DIR</string>
		</dict>
		<key>7E226F631B500E5D00E9B35C</key>
		<dict>
			<key>containerPortal</key>
			<string>7E226F591B500E5D00E9B35C</string>
			<key>isa</key>
			<string>PBXContainerItemProxy</string>
			<key>proxyType</key>
			<string>2</string>
			<key>remoteGlobalIDString</key>
			<string>7EEE35CB1AB4718500668C3E</string>
			<key>remoteInfo</key>
			<string>LinqToObjectiveC-iOS-static</string>
		</dict>
		<key>7E226F641B500E5D00E9B35C</key>
		<dict>
			<key>fileType</key>
			<string>wrapper.framework</string>
			<key>isa</key>
			<string>PBXReferenceProxy</string>
			<key>path</key>
			<string>LinqToObjectiveC.framework</string>
			<key>remoteRef</key>
			<string>7E226F631B500E5D00E9B35C</string>
			<key>sourceTree</key>
			<string>BUILT_PRODUCTS_DIR</string>
		</dict>
		<key>7E226F651B500E6600E9B35C</key>
		<dict>
			<key>containerPortal</key>
			<string>7E226F591B500E5D00E9B35C</string>
			<key>isa</key>
			<string>PBXContainerItemProxy</string>
			<key>proxyType</key>
			<string>1</string>
			<key>remoteGlobalIDString</key>
			<string>7E8F43801A8B92D5000F5D01</string>
			<key>remoteInfo</key>
			<string>LinqToObjectiveC</string>
		</dict>
		<key>7E226F661B500E6600E9B35C</key>
		<dict>
			<key>isa</key>
			<string>PBXTargetDependency</string>
			<key>name</key>
			<string>LinqToObjectiveC</string>
			<key>targetProxy</key>
			<string>7E226F651B500E6600E9B35C</string>
		</dict>
		<key>7E226F671B500E6C00E9B35C</key>
		<dict>
			<key>fileRef</key>
			<string>7E226F601B500E5D00E9B35C</string>
			<key>isa</key>
			<string>PBXBuildFile</string>
		</dict>
		<key>7E226F681B501BD800E9B35C</key>
		<dict>
			<key>children</key>
			<array>
				<string>7DACE6451DFEF131000EFAED</string>
				<string>7E226F691B501BEF00E9B35C</string>
				<string>7E226F6A1B501BEF00E9B35C</string>
			</array>
			<key>isa</key>
			<string>PBXGroup</string>
			<key>path</key>
			<string>WebSocket</string>
			<key>sourceTree</key>
			<string>&lt;group&gt;</string>
		</dict>
		<key>7E226F691B501BEF00E9B35C</key>
		<dict>
			<key>fileEncoding</key>
			<string>4</string>
			<key>isa</key>
			<string>PBXFileReference</string>
			<key>lastKnownFileType</key>
			<string>sourcecode.c.h</string>
			<key>path</key>
			<string>HLJWebSocketTransportForXmpp.h</string>
			<key>sourceTree</key>
			<string>&lt;group&gt;</string>
		</dict>
		<key>7E226F6A1B501BEF00E9B35C</key>
		<dict>
			<key>fileEncoding</key>
			<string>4</string>
			<key>isa</key>
			<string>PBXFileReference</string>
			<key>lastKnownFileType</key>
			<string>sourcecode.c.objc</string>
			<key>path</key>
			<string>HLJWebSocketTransportForXmpp.m</string>
			<key>sourceTree</key>
			<string>&lt;group&gt;</string>
		</dict>
		<key>7E226F6B1B501BEF00E9B35C</key>
		<dict>
			<key>fileRef</key>
			<string>7E226F6A1B501BEF00E9B35C</string>
			<key>isa</key>
			<string>PBXBuildFile</string>
		</dict>
		<key>7E26D5BE1B4EA1E10030F2DD</key>
		<dict>
			<key>isa</key>
			<string>PBXFileReference</string>
			<key>lastKnownFileType</key>
			<string>wrapper.pb-project</string>
			<key>name</key>
			<string>XmppFrameworkParsers.xcodeproj</string>
			<key>path</key>
			<string>../../XmppFrameworkParsers/XmppFrameworkParsers.xcodeproj</string>
			<key>sourceTree</key>
			<string>&lt;group&gt;</string>
		</dict>
		<key>7E26D5C71B4EA2260030F2DD</key>
		<dict>
			<key>fileEncoding</key>
			<string>4</string>
			<key>isa</key>
			<string>PBXFileReference</string>
			<key>lastKnownFileType</key>
			<string>sourcecode.c.h</string>
			<key>path</key>
			<string>HJTransportForXmpp.h</string>
			<key>sourceTree</key>
			<string>&lt;group&gt;</string>
		</dict>
		<key>7E26D5CD1B4EA94D0030F2DD</key>
		<dict>
			<key>fileEncoding</key>
			<string>4</string>
			<key>isa</key>
			<string>PBXFileReference</string>
			<key>lastKnownFileType</key>
			<string>sourcecode.c.h</string>
			<key>path</key>
			<string>HJXmppClientImpl.h</string>
			<key>sourceTree</key>
			<string>&lt;group&gt;</string>
		</dict>
		<key>7E26D5CE1B4EA94D0030F2DD</key>
		<dict>
			<key>fileEncoding</key>
			<string>4</string>
			<key>isa</key>
			<string>PBXFileReference</string>
			<key>lastKnownFileType</key>
			<string>sourcecode.cpp.objcpp</string>
			<key>path</key>
			<string>HJXmppClientImpl.mm</string>
			<key>sourceTree</key>
			<string>&lt;group&gt;</string>
		</dict>
		<key>7E26D5CF1B4EA94D0030F2DD</key>
		<dict>
			<key>fileRef</key>
			<string>7E26D5CE1B4EA94D0030F2DD</string>
			<key>isa</key>
			<string>PBXBuildFile</string>
		</dict>
		<key>7E26D5DD1B4EC2390030F2DD</key>
		<dict>
			<key>fileEncoding</key>
			<string>4</string>
			<key>isa</key>
			<string>PBXFileReference</string>
			<key>lastKnownFileType</key>
			<string>sourcecode.c.h</string>
			<key>path</key>
			<string>HJAuthenticationStages.h</string>
			<key>sourceTree</key>
			<string>&lt;group&gt;</string>
		</dict>
		<key>7E26D5DE1B4EC5780030F2DD</key>
		<dict>
			<key>fileEncoding</key>
			<string>4</string>
			<key>isa</key>
			<string>PBXFileReference</string>
			<key>lastKnownFileType</key>
			<string>sourcecode.c.h</string>
			<key>path</key>
			<string>HJTransportForXmppDelegate.h</string>
			<key>sourceTree</key>
			<string>&lt;group&gt;</string>
		</dict>
		<key>7E4398F41B5CF90B00FC6687</key>
		<dict>
			<key>fileEncoding</key>
			<string>4</string>
			<key>isa</key>
			<string>PBXFileReference</string>
			<key>lastKnownFileType</key>
			<string>sourcecode.c.objc</string>
			<key>path</key>
			<string>HJImageUploaderIntegrationTest.m</string>
			<key>sourceTree</key>
			<string>&lt;group&gt;</string>
		</dict>
		<key>7E4398F51B5CF90B00FC6687</key>
		<dict>
			<key>fileRef</key>
			<string>7E4398F41B5CF90B00FC6687</string>
			<key>isa</key>
			<string>PBXBuildFile</string>
		</dict>
		<key>7E4596F91B54087A001AD170</key>
		<dict>
			<key>isa</key>
			<string>PBXFileReference</string>
			<key>lastKnownFileType</key>
			<string>compiled.mach-o.dylib</string>
			<key>name</key>
			<string>libc++.dylib</string>
			<key>path</key>
			<string>usr/lib/libc++.dylib</string>
			<key>sourceTree</key>
			<string>SDKROOT</string>
		</dict>
		<key>7E4596FA1B54087A001AD170</key>
		<dict>
			<key>fileRef</key>
			<string>7E4596F91B54087A001AD170</string>
			<key>isa</key>
			<string>PBXBuildFile</string>
		</dict>
		<key>7E4596FB1B54217F001AD170</key>
		<dict>
			<key>isa</key>
			<string>PBXFileReference</string>
			<key>lastKnownFileType</key>
			<string>compiled.mach-o.dylib</string>
			<key>name</key>
			<string>libiconv.dylib</string>
			<key>path</key>
			<string>usr/lib/libiconv.dylib</string>
			<key>sourceTree</key>
			<string>SDKROOT</string>
		</dict>
		<key>7E4596FC1B54217F001AD170</key>
		<dict>
			<key>fileRef</key>
			<string>7E4596FB1B54217F001AD170</string>
			<key>isa</key>
			<string>PBXBuildFile</string>
		</dict>
		<key>7E45D25D1B500388001F9ECC</key>
		<dict>
			<key>fileEncoding</key>
			<string>4</string>
			<key>isa</key>
			<string>PBXFileReference</string>
			<key>lastKnownFileType</key>
			<string>sourcecode.c.objc</string>
			<key>path</key>
			<string>HLJWebSocketAuthIntegrationTest.m</string>
			<key>sourceTree</key>
			<string>&lt;group&gt;</string>
		</dict>
		<key>7E45D25E1B500388001F9ECC</key>
		<dict>
			<key>fileRef</key>
			<string>7E45D25D1B500388001F9ECC</string>
			<key>isa</key>
			<string>PBXBuildFile</string>
		</dict>
		<key>7E45D2621B500525001F9ECC</key>
		<dict>
			<key>children</key>
			<array>
				<string>7E45D2661B500525001F9ECC</string>
			</array>
			<key>isa</key>
			<string>PBXGroup</string>
			<key>name</key>
			<string>Products</string>
			<key>sourceTree</key>
			<string>&lt;group&gt;</string>
		</dict>
		<key>7E45D2651B500525001F9ECC</key>
		<dict>
			<key>containerPortal</key>
			<string>7E4F126B1B4FCB75001F1769</string>
			<key>isa</key>
			<string>PBXContainerItemProxy</string>
			<key>proxyType</key>
			<string>2</string>
			<key>remoteGlobalIDString</key>
			<string>7E7720B81B4D75740082FA43</string>
			<key>remoteInfo</key>
			<string>KissXML-iOS</string>
		</dict>
		<key>7E45D2661B500525001F9ECC</key>
		<dict>
			<key>fileType</key>
			<string>archive.ar</string>
			<key>isa</key>
			<string>PBXReferenceProxy</string>
			<key>path</key>
			<string>libKissXML-iOS.a</string>
			<key>remoteRef</key>
			<string>7E45D2651B500525001F9ECC</string>
			<key>sourceTree</key>
			<string>BUILT_PRODUCTS_DIR</string>
		</dict>
		<key>7E45D2671B500530001F9ECC</key>
		<dict>
			<key>isa</key>
			<string>PBXFileReference</string>
			<key>lastKnownFileType</key>
			<string>wrapper.pb-project</string>
			<key>name</key>
			<string>SocketRocket.xcodeproj</string>
			<key>path</key>
			<string>../../SocketRocket/SocketRocket.xcodeproj</string>
			<key>sourceTree</key>
			<string>&lt;group&gt;</string>
		</dict>
		<key>7E45D2681B500530001F9ECC</key>
		<dict>
			<key>children</key>
			<array>
				<string>7E45D2791B500530001F9ECC</string>
				<string>7DACE64F1DFEF132000EFAED</string>
				<string>7E45D2731B500530001F9ECC</string>
				<string>7DACE6511DFEF132000EFAED</string>
				<string>7E45D2751B500530001F9ECC</string>
				<string>7E45D2771B500530001F9ECC</string>
			</array>
			<key>isa</key>
			<string>PBXGroup</string>
			<key>name</key>
			<string>Products</string>
			<key>sourceTree</key>
			<string>&lt;group&gt;</string>
		</dict>
		<key>7E45D2721B500530001F9ECC</key>
		<dict>
			<key>containerPortal</key>
			<string>7E45D2671B500530001F9ECC</string>
			<key>isa</key>
			<string>PBXContainerItemProxy</string>
			<key>proxyType</key>
			<string>2</string>
			<key>remoteGlobalIDString</key>
			<string>F668C880153E91210044DBAC</string>
			<key>remoteInfo</key>
			<string>SocketRocketOSX</string>
		</dict>
		<key>7E45D2731B500530001F9ECC</key>
		<dict>
			<key>fileType</key>
			<string>wrapper.framework</string>
			<key>isa</key>
			<string>PBXReferenceProxy</string>
			<key>path</key>
			<string>SocketRocket.framework</string>
			<key>remoteRef</key>
			<string>7E45D2721B500530001F9ECC</string>
			<key>sourceTree</key>
			<string>BUILT_PRODUCTS_DIR</string>
		</dict>
		<key>7E45D2741B500530001F9ECC</key>
		<dict>
			<key>containerPortal</key>
			<string>7E45D2671B500530001F9ECC</string>
			<key>isa</key>
			<string>PBXContainerItemProxy</string>
			<key>proxyType</key>
			<string>2</string>
			<key>remoteGlobalIDString</key>
			<string>F6BDA802145900D200FE3253</string>
			<key>remoteInfo</key>
			<string>SRWebSocketTests</string>
		</dict>
		<key>7E45D2751B500530001F9ECC</key>
		<dict>
			<key>fileType</key>
			<string>wrapper.cfbundle</string>
			<key>isa</key>
			<string>PBXReferenceProxy</string>
			<key>path</key>
			<string>SocketRocketTests-iOS.xctest</string>
			<key>remoteRef</key>
			<string>7E45D2741B500530001F9ECC</string>
			<key>sourceTree</key>
			<string>BUILT_PRODUCTS_DIR</string>
		</dict>
		<key>7E45D2761B500530001F9ECC</key>
		<dict>
			<key>containerPortal</key>
			<string>7E45D2671B500530001F9ECC</string>
			<key>isa</key>
			<string>PBXContainerItemProxy</string>
			<key>proxyType</key>
			<string>2</string>
			<key>remoteGlobalIDString</key>
			<string>F62417E314D52F3C003CE997</string>
			<key>remoteInfo</key>
			<string>TestChat</string>
		</dict>
		<key>7E45D2771B500530001F9ECC</key>
		<dict>
			<key>fileType</key>
			<string>wrapper.application</string>
			<key>isa</key>
			<string>PBXReferenceProxy</string>
			<key>path</key>
			<string>TestChat.app</string>
			<key>remoteRef</key>
			<string>7E45D2761B500530001F9ECC</string>
			<key>sourceTree</key>
			<string>BUILT_PRODUCTS_DIR</string>
		</dict>
		<key>7E45D2781B500530001F9ECC</key>
		<dict>
			<key>containerPortal</key>
			<string>7E45D2671B500530001F9ECC</string>
			<key>isa</key>
			<string>PBXContainerItemProxy</string>
			<key>proxyType</key>
			<string>2</string>
			<key>remoteGlobalIDString</key>
			<string>7EA7C00A1A9901FC00AFE63E</string>
			<key>remoteInfo</key>
			<string>SocketRocket-iOS</string>
		</dict>
		<key>7E45D2791B500530001F9ECC</key>
		<dict>
			<key>fileType</key>
			<string>wrapper.framework</string>
			<key>isa</key>
			<string>PBXReferenceProxy</string>
			<key>path</key>
			<string>SocketRocket.framework</string>
			<key>remoteRef</key>
			<string>7E45D2781B500530001F9ECC</string>
			<key>sourceTree</key>
			<string>BUILT_PRODUCTS_DIR</string>
		</dict>
		<key>7E4F126B1B4FCB75001F1769</key>
		<dict>
			<key>isa</key>
			<string>PBXFileReference</string>
			<key>lastKnownFileType</key>
			<string>wrapper.pb-project</string>
			<key>name</key>
			<string>KissXML-iOS.xcodeproj</string>
			<key>path</key>
			<string>../../KissXML/KissXML-iOS.xcodeproj</string>
			<key>sourceTree</key>
			<string>&lt;group&gt;</string>
		</dict>
		<key>7E56BF971B4D8A7400D27597</key>
		<dict>
			<key>children</key>
			<array>
				<string>7E56BF981B4D8A8700D27597</string>
				<string>7E56BF991B4D8A9D00D27597</string>
				<string>7E26D5C71B4EA2260030F2DD</string>
				<string>7E26D5CD1B4EA94D0030F2DD</string>
				<string>7E26D5CE1B4EA94D0030F2DD</string>
				<string>7EEE81CD1B56BDE8003FC7FC</string>
				<string>7E26D5DD1B4EC2390030F2DD</string>
				<string>7E26D5DE1B4EC5780030F2DD</string>
			</array>
			<key>isa</key>
			<string>PBXGroup</string>
			<key>path</key>
			<string>XmppClient</string>
			<key>sourceTree</key>
			<string>&lt;group&gt;</string>
		</dict>
		<key>7E56BF981B4D8A8700D27597</key>
		<dict>
			<key>fileEncoding</key>
			<string>4</string>
			<key>isa</key>
			<string>PBXFileReference</string>
			<key>lastKnownFileType</key>
			<string>sourcecode.c.h</string>
			<key>path</key>
			<string>HJXmppClient.h</string>
			<key>sourceTree</key>
			<string>&lt;group&gt;</string>
		</dict>
		<key>7E56BF991B4D8A9D00D27597</key>
		<dict>
			<key>fileEncoding</key>
			<string>4</string>
			<key>isa</key>
			<string>PBXFileReference</string>
			<key>lastKnownFileType</key>
			<string>sourcecode.c.h</string>
			<key>path</key>
			<string>HJXmppClientDelegate.h</string>
			<key>sourceTree</key>
			<string>&lt;group&gt;</string>
		</dict>
		<key>7E59C2F31B6829D5003DAD15</key>
		<dict>
			<key>fileRef</key>
			<string>7E6F87E51B5800EA0057B504</string>
			<key>isa</key>
			<string>PBXBuildFile</string>
		</dict>
		<key>7E59C2FC1B6829DB003DAD15</key>
		<dict>
			<key>fileRef</key>
			<string>7EB0EE4A1B593A0500F319CC</string>
			<key>isa</key>
			<string>PBXBuildFile</string>
		</dict>
		<key>7E59C2FD1B6829DB003DAD15</key>
		<dict>
			<key>fileRef</key>
			<string>7E15409B1B599F01007771A8</string>
			<key>isa</key>
			<string>PBXBuildFile</string>
		</dict>
		<key>7E6F87D41B57ED430057B504</key>
		<dict>
			<key>children</key>
			<array>
				<string>7E6F87DD1B57ED580057B504</string>
				<string>7E6F87E31B57F3690057B504</string>
				<string>7EB0EE431B59097800F319CC</string>
				<string>7EB0EE441B59097800F319CC</string>
				<string>7E6F87E41B5800EA0057B504</string>
				<string>7E6F87E51B5800EA0057B504</string>
				<string>7EB0EE491B593A0500F319CC</string>
				<string>7EB0EE4A1B593A0500F319CC</string>
				<string>7E15409A1B599F01007771A8</string>
				<string>7E15409B1B599F01007771A8</string>
				<string>7EB0EE4C1B5945B900F319CC</string>
				<string>7EB0EE4D1B5945B900F319CC</string>
				<string>7ECD4DB21B5D0A0900FB2C54</string>
				<string>7ECD4DB31B5D0A0900FB2C54</string>
			</array>
			<key>isa</key>
			<string>PBXGroup</string>
			<key>path</key>
			<string>Attachments</string>
			<key>sourceTree</key>
			<string>&lt;group&gt;</string>
		</dict>
		<key>7E6F87DD1B57ED580057B504</key>
		<dict>
			<key>fileEncoding</key>
			<string>4</string>
			<key>isa</key>
			<string>PBXFileReference</string>
			<key>lastKnownFileType</key>
			<string>sourcecode.c.h</string>
			<key>path</key>
			<string>HJXmppChatAttachment.h</string>
			<key>sourceTree</key>
			<string>&lt;group&gt;</string>
		</dict>
		<key>7E6F87E31B57F3690057B504</key>
		<dict>
			<key>fileEncoding</key>
			<string>4</string>
			<key>isa</key>
			<string>PBXFileReference</string>
			<key>lastKnownFileType</key>
			<string>sourcecode.c.h</string>
			<key>path</key>
			<string>HJAttachmentUploader.h</string>
			<key>sourceTree</key>
			<string>&lt;group&gt;</string>
		</dict>
		<key>7E6F87E41B5800EA0057B504</key>
		<dict>
			<key>fileEncoding</key>
			<string>4</string>
			<key>isa</key>
			<string>PBXFileReference</string>
			<key>lastKnownFileType</key>
			<string>sourcecode.c.h</string>
			<key>path</key>
			<string>HJMockAttachmentUploader.h</string>
			<key>sourceTree</key>
			<string>&lt;group&gt;</string>
		</dict>
		<key>7E6F87E51B5800EA0057B504</key>
		<dict>
			<key>fileEncoding</key>
			<string>4</string>
			<key>isa</key>
			<string>PBXFileReference</string>
			<key>lastKnownFileType</key>
			<string>sourcecode.c.objc</string>
			<key>path</key>
			<string>HJMockAttachmentUploader.m</string>
			<key>sourceTree</key>
			<string>&lt;group&gt;</string>
		</dict>
		<key>7E7720E71B4D78470082FA43</key>
		<dict>
			<key>isa</key>
			<string>PBXFileReference</string>
			<key>lastKnownFileType</key>
			<string>sourcecode.c.h</string>
			<key>path</key>
			<string>HLJXmppWebSocket.pch</string>
			<key>sourceTree</key>
			<string>&lt;group&gt;</string>
		</dict>
		<key>7E7B9A9D1B4D726300FB15F1</key>
		<dict>
			<key>children</key>
			<array>
				<string>7E7B9A9E1B4D727200FB15F1</string>
				<string>7E7720E71B4D78470082FA43</string>
				<string>7DC5EF701D4F8ED400E6CFC9</string>
				<string>7E6F87D41B57ED430057B504</string>
				<string>7E19623A1B55993E00D4CD32</string>
				<string>7EFDD7BF1B55513100430942</string>
				<string>7EEDFFAF1B5533460093DE7E</string>
				<string>7E226F681B501BD800E9B35C</string>
				<string>7E56BF971B4D8A7400D27597</string>
			</array>
			<key>isa</key>
			<string>PBXGroup</string>
			<key>name</key>
			<string>Sources</string>
			<key>sourceTree</key>
			<string>&lt;group&gt;</string>
		</dict>
		<key>7E7B9A9E1B4D727200FB15F1</key>
		<dict>
			<key>isa</key>
			<string>PBXFileReference</string>
			<key>lastKnownFileType</key>
			<string>sourcecode.c.h</string>
			<key>path</key>
			<string>HLJXmppWebSocket.h</string>
			<key>sourceTree</key>
			<string>&lt;group&gt;</string>
		</dict>
		<key>7E8768981B598D660080835A</key>
		<dict>
			<key>fileEncoding</key>
			<string>4</string>
			<key>isa</key>
			<string>PBXFileReference</string>
			<key>lastKnownFileType</key>
			<string>sourcecode.c.objc</string>
			<key>path</key>
			<string>HJIncomingXmppMessagesIntegrationTest.m</string>
			<key>sourceTree</key>
			<string>&lt;group&gt;</string>
		</dict>
		<key>7E8768991B598D660080835A</key>
		<dict>
			<key>fileRef</key>
			<string>7E8768981B598D660080835A</string>
			<key>isa</key>
			<string>PBXBuildFile</string>
		</dict>
		<key>7EB0EE041B58FDD200F319CC</key>
		<dict>
			<key>fileEncoding</key>
			<string>4</string>
			<key>isa</key>
			<string>PBXFileReference</string>
			<key>lastKnownFileType</key>
			<string>sourcecode.c.h</string>
			<key>path</key>
			<string>HJXmppAttachmentsParser.h</string>
			<key>sourceTree</key>
			<string>&lt;group&gt;</string>
		</dict>
		<key>7EB0EE051B58FDD200F319CC</key>
		<dict>
			<key>fileEncoding</key>
			<string>4</string>
			<key>isa</key>
			<string>PBXFileReference</string>
			<key>lastKnownFileType</key>
			<string>sourcecode.c.objc</string>
			<key>path</key>
			<string>HJXmppAttachmentsParser.m</string>
			<key>sourceTree</key>
			<string>&lt;group&gt;</string>
		</dict>
		<key>7EB0EE061B58FDD200F319CC</key>
		<dict>
			<key>fileRef</key>
			<string>7EB0EE051B58FDD200F319CC</string>
			<key>isa</key>
			<string>PBXBuildFile</string>
		</dict>
		<key>7EB0EE431B59097800F319CC</key>
		<dict>
			<key>fileEncoding</key>
			<string>4</string>
			<key>isa</key>
			<string>PBXFileReference</string>
			<key>lastKnownFileType</key>
			<string>sourcecode.c.h</string>
			<key>path</key>
			<string>HJXmppChatAttachmentPOD.h</string>
			<key>sourceTree</key>
			<string>&lt;group&gt;</string>
		</dict>
		<key>7EB0EE441B59097800F319CC</key>
		<dict>
			<key>fileEncoding</key>
			<string>4</string>
			<key>isa</key>
			<string>PBXFileReference</string>
			<key>lastKnownFileType</key>
			<string>sourcecode.c.objc</string>
			<key>path</key>
			<string>HJXmppChatAttachmentPOD.m</string>
			<key>sourceTree</key>
			<string>&lt;group&gt;</string>
		</dict>
		<key>7EB0EE451B59097800F319CC</key>
		<dict>
			<key>fileRef</key>
			<string>7EB0EE441B59097800F319CC</string>
			<key>isa</key>
			<string>PBXBuildFile</string>
		</dict>
		<key>7EB0EE461B59368E00F319CC</key>
		<dict>
			<key>isa</key>
			<string>PBXFileReference</string>
			<key>lastKnownFileType</key>
			<string>image.jpeg</string>
			<key>path</key>
			<string>monkey-selfie.jpg</string>
			<key>sourceTree</key>
			<string>&lt;group&gt;</string>
		</dict>
		<key>7EB0EE471B59368E00F319CC</key>
		<dict>
			<key>fileRef</key>
			<string>7EB0EE461B59368E00F319CC</string>
			<key>isa</key>
			<string>PBXBuildFile</string>
		</dict>
		<key>7EB0EE491B593A0500F319CC</key>
		<dict>
			<key>fileEncoding</key>
			<string>4</string>
			<key>isa</key>
			<string>PBXFileReference</string>
			<key>lastKnownFileType</key>
			<string>sourcecode.c.h</string>
			<key>path</key>
			<string>HJMockSuccessAttachmentUploader.h</string>
			<key>sourceTree</key>
			<string>&lt;group&gt;</string>
		</dict>
		<key>7EB0EE4A1B593A0500F319CC</key>
		<dict>
			<key>fileEncoding</key>
			<string>4</string>
			<key>isa</key>
			<string>PBXFileReference</string>
			<key>lastKnownFileType</key>
			<string>sourcecode.c.objc</string>
			<key>path</key>
			<string>HJMockSuccessAttachmentUploader.m</string>
			<key>sourceTree</key>
			<string>&lt;group&gt;</string>
		</dict>
		<key>7EB0EE4C1B5945B900F319CC</key>
		<dict>
			<key>fileEncoding</key>
			<string>4</string>
			<key>isa</key>
			<string>PBXFileReference</string>
			<key>lastKnownFileType</key>
			<string>sourcecode.c.h</string>
			<key>path</key>
			<string>HJUrlSessionImageUploader.h</string>
			<key>sourceTree</key>
			<string>&lt;group&gt;</string>
		</dict>
		<key>7EB0EE4D1B5945B900F319CC</key>
		<dict>
			<key>fileEncoding</key>
			<string>4</string>
			<key>isa</key>
			<string>PBXFileReference</string>
			<key>lastKnownFileType</key>
			<string>sourcecode.c.objc</string>
			<key>path</key>
			<string>HJUrlSessionImageUploader.m</string>
			<key>sourceTree</key>
			<string>&lt;group&gt;</string>
		</dict>
		<key>7EB0EE4E1B5945B900F319CC</key>
		<dict>
			<key>fileRef</key>
			<string>7EB0EE4D1B5945B900F319CC</string>
			<key>isa</key>
			<string>PBXBuildFile</string>
		</dict>
		<key>7EB9C4111B559C5200F94871</key>
		<dict>
			<key>fileEncoding</key>
			<string>4</string>
			<key>isa</key>
			<string>PBXFileReference</string>
			<key>lastKnownFileType</key>
			<string>sourcecode.c.h</string>
			<key>path</key>
			<string>HJXmppBindParserError.h</string>
			<key>sourceTree</key>
			<string>&lt;group&gt;</string>
		</dict>
		<key>7EB9C4121B559C5200F94871</key>
		<dict>
			<key>fileEncoding</key>
			<string>4</string>
			<key>isa</key>
			<string>PBXFileReference</string>
			<key>lastKnownFileType</key>
			<string>sourcecode.c.objc</string>
			<key>path</key>
			<string>HJXmppBindParserError.m</string>
			<key>sourceTree</key>
			<string>&lt;group&gt;</string>
		</dict>
		<key>7EB9C4131B559C5200F94871</key>
		<dict>
			<key>fileRef</key>
			<string>7EB9C4121B559C5200F94871</string>
			<key>isa</key>
			<string>PBXBuildFile</string>
		</dict>
		<key>7EB9C41C1B559E8100F94871</key>
		<dict>
			<key>fileEncoding</key>
			<string>4</string>
			<key>isa</key>
			<string>PBXFileReference</string>
			<key>lastKnownFileType</key>
			<string>sourcecode.c.h</string>
			<key>path</key>
			<string>HJSessionResponseParser.h</string>
			<key>sourceTree</key>
			<string>&lt;group&gt;</string>
		</dict>
		<key>7EB9C41D1B559E8100F94871</key>
		<dict>
			<key>fileEncoding</key>
			<string>4</string>
			<key>isa</key>
			<string>PBXFileReference</string>
			<key>lastKnownFileType</key>
			<string>sourcecode.c.objc</string>
			<key>path</key>
			<string>HJSessionResponseParser.m</string>
			<key>sourceTree</key>
			<string>&lt;group&gt;</string>
		</dict>
		<key>7EB9C41E1B559E8100F94871</key>
		<dict>
			<key>fileRef</key>
			<string>7EB9C41D1B559E8100F94871</string>
			<key>isa</key>
			<string>PBXBuildFile</string>
		</dict>
		<key>7EB9C41F1B559FE700F94871</key>
		<dict>
			<key>fileEncoding</key>
			<string>4</string>
			<key>isa</key>
			<string>PBXFileReference</string>
			<key>lastKnownFileType</key>
			<string>sourcecode.c.h</string>
			<key>path</key>
			<string>HJXmppSessionResponseError.h</string>
			<key>sourceTree</key>
			<string>&lt;group&gt;</string>
		</dict>
		<key>7EB9C4201B559FE700F94871</key>
		<dict>
			<key>fileEncoding</key>
			<string>4</string>
			<key>isa</key>
			<string>PBXFileReference</string>
			<key>lastKnownFileType</key>
			<string>sourcecode.c.objc</string>
			<key>path</key>
			<string>HJXmppSessionResponseError.m</string>
			<key>sourceTree</key>
			<string>&lt;group&gt;</string>
		</dict>
		<key>7EB9C4211B559FE700F94871</key>
		<dict>
			<key>fileRef</key>
			<string>7EB9C4201B559FE700F94871</string>
			<key>isa</key>
			<string>PBXBuildFile</string>
		</dict>
		<key>7EB9C4221B55A24600F94871</key>
		<dict>
			<key>fileEncoding</key>
			<string>4</string>
			<key>isa</key>
			<string>PBXFileReference</string>
			<key>lastKnownFileType</key>
			<string>sourcecode.c.h</string>
			<key>path</key>
			<string>HJHistoryFailParser.h</string>
			<key>sourceTree</key>
			<string>&lt;group&gt;</string>
		</dict>
		<key>7EB9C4231B55A24600F94871</key>
		<dict>
			<key>fileEncoding</key>
			<string>4</string>
			<key>isa</key>
			<string>PBXFileReference</string>
			<key>lastKnownFileType</key>
			<string>sourcecode.c.objc</string>
			<key>path</key>
			<string>HJHistoryFailParser.m</string>
			<key>sourceTree</key>
			<string>&lt;group&gt;</string>
		</dict>
		<key>7EB9C4241B55A24600F94871</key>
		<dict>
			<key>fileRef</key>
			<string>7EB9C4231B55A24600F94871</string>
			<key>isa</key>
			<string>PBXBuildFile</string>
		</dict>
		<key>7EB9C4251B55A40D00F94871</key>
		<dict>
			<key>fileEncoding</key>
			<string>4</string>
			<key>isa</key>
			<string>PBXFileReference</string>
			<key>lastKnownFileType</key>
			<string>sourcecode.c.h</string>
			<key>path</key>
			<string>HJMessageDetector.h</string>
			<key>sourceTree</key>
			<string>&lt;group&gt;</string>
		</dict>
		<key>7EB9C4261B55A40D00F94871</key>
		<dict>
			<key>fileEncoding</key>
			<string>4</string>
			<key>isa</key>
			<string>PBXFileReference</string>
			<key>lastKnownFileType</key>
			<string>sourcecode.c.objc</string>
			<key>path</key>
			<string>HJMessageDetector.m</string>
			<key>sourceTree</key>
			<string>&lt;group&gt;</string>
		</dict>
		<key>7EB9C4271B55A40D00F94871</key>
		<dict>
			<key>fileRef</key>
			<string>7EB9C4261B55A40D00F94871</string>
			<key>isa</key>
			<string>PBXBuildFile</string>
		</dict>
		<key>7EB9C4281B55A8F500F94871</key>
		<dict>
			<key>fileEncoding</key>
			<string>4</string>
			<key>isa</key>
			<string>PBXFileReference</string>
			<key>lastKnownFileType</key>
			<string>sourcecode.c.h</string>
			<key>path</key>
			<string>HJFinMessageParser.h</string>
			<key>sourceTree</key>
			<string>&lt;group&gt;</string>
		</dict>
		<key>7EB9C4291B55A8F500F94871</key>
		<dict>
			<key>fileEncoding</key>
			<string>4</string>
			<key>isa</key>
			<string>PBXFileReference</string>
			<key>lastKnownFileType</key>
			<string>sourcecode.c.objc</string>
			<key>path</key>
			<string>HJFinMessageParser.m</string>
			<key>sourceTree</key>
			<string>&lt;group&gt;</string>
		</dict>
		<key>7EB9C42A1B55A8F500F94871</key>
		<dict>
			<key>fileRef</key>
			<string>7EB9C4291B55A8F500F94871</string>
			<key>isa</key>
			<string>PBXBuildFile</string>
		</dict>
		<key>7EB9C42B1B55A9DC00F94871</key>
		<dict>
			<key>fileEncoding</key>
			<string>4</string>
			<key>isa</key>
			<string>PBXFileReference</string>
			<key>lastKnownFileType</key>
			<string>sourcecode.c.h</string>
			<key>path</key>
			<string>HJHistoryMessageParser.h</string>
			<key>sourceTree</key>
			<string>&lt;group&gt;</string>
		</dict>
		<key>7EB9C42C1B55A9DC00F94871</key>
		<dict>
			<key>fileEncoding</key>
			<string>4</string>
			<key>isa</key>
			<string>PBXFileReference</string>
			<key>lastKnownFileType</key>
			<string>sourcecode.c.objc</string>
			<key>path</key>
			<string>HJHistoryMessageParser.m</string>
			<key>sourceTree</key>
			<string>&lt;group&gt;</string>
		</dict>
		<key>7EB9C42D1B55A9DC00F94871</key>
		<dict>
			<key>fileRef</key>
			<string>7EB9C42C1B55A9DC00F94871</string>
			<key>isa</key>
			<string>PBXBuildFile</string>
		</dict>
		<key>7EC77AB81B622C260068A025</key>
		<dict>
			<key>fileEncoding</key>
			<string>4</string>
			<key>isa</key>
			<string>PBXFileReference</string>
			<key>lastKnownFileType</key>
			<string>sourcecode.c.h</string>
			<key>path</key>
			<string>HJXmppAuthResponseError.h</string>
			<key>sourceTree</key>
			<string>&lt;group&gt;</string>
		</dict>
		<key>7EC77AB91B622C260068A025</key>
		<dict>
			<key>fileEncoding</key>
			<string>4</string>
			<key>isa</key>
			<string>PBXFileReference</string>
			<key>lastKnownFileType</key>
			<string>sourcecode.c.objc</string>
			<key>path</key>
			<string>HJXmppAuthResponseError.m</string>
			<key>sourceTree</key>
			<string>&lt;group&gt;</string>
		</dict>
		<key>7EC77ABA1B622C260068A025</key>
		<dict>
			<key>fileRef</key>
			<string>7EC77AB91B622C260068A025</string>
			<key>isa</key>
			<string>PBXBuildFile</string>
		</dict>
		<key>7ECD4DB21B5D0A0900FB2C54</key>
		<dict>
			<key>fileEncoding</key>
			<string>4</string>
			<key>isa</key>
			<string>PBXFileReference</string>
			<key>lastKnownFileType</key>
			<string>sourcecode.c.h</string>
			<key>path</key>
			<string>HJXmppChatAttachmentJsonParser.h</string>
			<key>sourceTree</key>
			<string>&lt;group&gt;</string>
		</dict>
		<key>7ECD4DB31B5D0A0900FB2C54</key>
		<dict>
			<key>fileEncoding</key>
			<string>4</string>
			<key>isa</key>
			<string>PBXFileReference</string>
			<key>lastKnownFileType</key>
			<string>sourcecode.c.objc</string>
			<key>path</key>
			<string>HJXmppChatAttachmentJsonParser.m</string>
			<key>sourceTree</key>
			<string>&lt;group&gt;</string>
		</dict>
		<key>7ECD4DB41B5D0A0900FB2C54</key>
		<dict>
			<key>fileRef</key>
			<string>7ECD4DB31B5D0A0900FB2C54</string>
			<key>isa</key>
			<string>PBXBuildFile</string>
		</dict>
		<key>7ED5BD501B67C45D004F2BAF</key>
		<dict>
			<key>fileEncoding</key>
			<string>4</string>
			<key>isa</key>
			<string>PBXFileReference</string>
			<key>lastKnownFileType</key>
			<string>sourcecode.c.h</string>
			<key>path</key>
			<string>HJInvalidAttachmentResponseError.h</string>
			<key>sourceTree</key>
			<string>&lt;group&gt;</string>
		</dict>
		<key>7ED5BD511B67C45D004F2BAF</key>
		<dict>
			<key>fileEncoding</key>
			<string>4</string>
			<key>isa</key>
			<string>PBXFileReference</string>
			<key>lastKnownFileType</key>
			<string>sourcecode.c.objc</string>
			<key>path</key>
			<string>HJInvalidAttachmentResponseError.m</string>
			<key>sourceTree</key>
			<string>&lt;group&gt;</string>
		</dict>
		<key>7ED5BD521B67C45D004F2BAF</key>
		<dict>
			<key>fileRef</key>
			<string>7ED5BD511B67C45D004F2BAF</string>
			<key>isa</key>
			<string>PBXBuildFile</string>
		</dict>
		<key>7ED5BD5B1B67C4F7004F2BAF</key>
		<dict>
			<key>fileEncoding</key>
			<string>4</string>
			<key>isa</key>
			<string>PBXFileReference</string>
			<key>lastKnownFileType</key>
			<string>sourcecode.c.h</string>
			<key>path</key>
			<string>HJValidButEmptyAttachmentResponseError.h</string>
			<key>sourceTree</key>
			<string>&lt;group&gt;</string>
		</dict>
		<key>7ED5BD5C1B67C4F7004F2BAF</key>
		<dict>
			<key>fileEncoding</key>
			<string>4</string>
			<key>isa</key>
			<string>PBXFileReference</string>
			<key>lastKnownFileType</key>
			<string>sourcecode.c.objc</string>
			<key>path</key>
			<string>HJValidButEmptyAttachmentResponseError.m</string>
			<key>sourceTree</key>
			<string>&lt;group&gt;</string>
		</dict>
		<key>7ED5BD5D1B67C4F7004F2BAF</key>
		<dict>
			<key>fileRef</key>
			<string>7ED5BD5C1B67C4F7004F2BAF</string>
			<key>isa</key>
			<string>PBXBuildFile</string>
		</dict>
		<key>7EEDFFAF1B5533460093DE7E</key>
		<dict>
			<key>children</key>
			<array>
				<string>7EEE81CC1B567C58003FC7FC</string>
				<string>7EEE81BE1B567C29003FC7FC</string>
				<string>7EEE81BF1B567C29003FC7FC</string>
				<string>7EEDFFB81B55335A0093DE7E</string>
				<string>7EEDFFB91B55335A0093DE7E</string>
				<string>7EEDFFBB1B5537510093DE7E</string>
				<string>7EEDFFBC1B5537910093DE7E</string>
				<string>7EEDFFBD1B5537910093DE7E</string>
			</array>
			<key>isa</key>
			<string>PBXGroup</string>
			<key>path</key>
			<string>PacketBuilder</string>
			<key>sourceTree</key>
			<string>&lt;group&gt;</string>
		</dict>
		<key>7EEDFFB81B55335A0093DE7E</key>
		<dict>
			<key>fileEncoding</key>
			<string>4</string>
			<key>isa</key>
			<string>PBXFileReference</string>
			<key>lastKnownFileType</key>
			<string>sourcecode.c.h</string>
			<key>path</key>
			<string>HJChatHistoryRequestBuilder.h</string>
			<key>sourceTree</key>
			<string>&lt;group&gt;</string>
		</dict>
		<key>7EEDFFB91B55335A0093DE7E</key>
		<dict>
			<key>fileEncoding</key>
			<string>4</string>
			<key>isa</key>
			<string>PBXFileReference</string>
			<key>lastKnownFileType</key>
			<string>sourcecode.c.objc</string>
			<key>path</key>
			<string>HJChatHistoryRequestBuilder.m</string>
			<key>sourceTree</key>
			<string>&lt;group&gt;</string>
		</dict>
		<key>7EEDFFBA1B55335A0093DE7E</key>
		<dict>
			<key>fileRef</key>
			<string>7EEDFFB91B55335A0093DE7E</string>
			<key>isa</key>
			<string>PBXBuildFile</string>
		</dict>
		<key>7EEDFFBB1B5537510093DE7E</key>
		<dict>
			<key>fileEncoding</key>
			<string>4</string>
			<key>isa</key>
			<string>PBXFileReference</string>
			<key>lastKnownFileType</key>
			<string>sourcecode.c.h</string>
			<key>path</key>
			<string>HJRandomizerForXmpp.h</string>
			<key>sourceTree</key>
			<string>&lt;group&gt;</string>
		</dict>
		<key>7EEDFFBC1B5537910093DE7E</key>
		<dict>
			<key>fileEncoding</key>
			<string>4</string>
			<key>isa</key>
			<string>PBXFileReference</string>
			<key>lastKnownFileType</key>
			<string>sourcecode.c.h</string>
			<key>path</key>
			<string>HJRandomizerImpl.h</string>
			<key>sourceTree</key>
			<string>&lt;group&gt;</string>
		</dict>
		<key>7EEDFFBD1B5537910093DE7E</key>
		<dict>
			<key>fileEncoding</key>
			<string>4</string>
			<key>isa</key>
			<string>PBXFileReference</string>
			<key>lastKnownFileType</key>
			<string>sourcecode.c.objc</string>
			<key>path</key>
			<string>HJRandomizerImpl.m</string>
			<key>sourceTree</key>
			<string>&lt;group&gt;</string>
		</dict>
		<key>7EEDFFBE1B5537910093DE7E</key>
		<dict>
			<key>fileRef</key>
			<string>7EEDFFBD1B5537910093DE7E</string>
			<key>isa</key>
			<string>PBXBuildFile</string>
		</dict>
		<key>7EEE81BE1B567C29003FC7FC</key>
		<dict>
			<key>fileEncoding</key>
			<string>4</string>
			<key>isa</key>
			<string>PBXFileReference</string>
			<key>lastKnownFileType</key>
			<string>sourcecode.c.h</string>
			<key>path</key>
			<string>HJChatHistoryRequest.h</string>
			<key>sourceTree</key>
			<string>&lt;group&gt;</string>
		</dict>
		<key>7EEE81BF1B567C29003FC7FC</key>
		<dict>
			<key>fileEncoding</key>
			<string>4</string>
			<key>isa</key>
			<string>PBXFileReference</string>
			<key>lastKnownFileType</key>
			<string>sourcecode.c.objc</string>
			<key>path</key>
			<string>HJChatHistoryRequest.m</string>
			<key>sourceTree</key>
			<string>&lt;group&gt;</string>
		</dict>
		<key>7EEE81C01B567C29003FC7FC</key>
		<dict>
			<key>fileRef</key>
			<string>7EEE81BF1B567C29003FC7FC</string>
			<key>isa</key>
			<string>PBXBuildFile</string>
		</dict>
		<key>7EEE81CC1B567C58003FC7FC</key>
		<dict>
			<key>fileEncoding</key>
			<string>4</string>
			<key>isa</key>
			<string>PBXFileReference</string>
			<key>lastKnownFileType</key>
			<string>sourcecode.c.h</string>
			<key>path</key>
			<string>HJChatHistoryRequestProto.h</string>
			<key>sourceTree</key>
			<string>&lt;group&gt;</string>
		</dict>
		<key>7EEE81CD1B56BDE8003FC7FC</key>
		<dict>
			<key>fileEncoding</key>
			<string>4</string>
			<key>isa</key>
			<string>PBXFileReference</string>
			<key>lastKnownFileType</key>
			<string>sourcecode.c.h</string>
			<key>path</key>
			<string>HJXmppClientImpl+UnitTest.h</string>
			<key>sourceTree</key>
			<string>&lt;group&gt;</string>
		</dict>
		<key>7EFDD7BF1B55513100430942</key>
		<dict>
			<key>children</key>
			<array>
				<string>7EFDD7C81B55514400430942</string>
				<string>7EFDD7C91B55514400430942</string>
				<string>7EFDD7CB1B55516200430942</string>
				<string>7EFDD7CC1B55516200430942</string>
				<string>7EB9C4111B559C5200F94871</string>
				<string>7EB9C4121B559C5200F94871</string>
				<string>7EB9C41F1B559FE700F94871</string>
				<string>7EB9C4201B559FE700F94871</string>
				<string>7EC77AB81B622C260068A025</string>
				<string>7EC77AB91B622C260068A025</string>
				<string>7ED5BD501B67C45D004F2BAF</string>
				<string>7ED5BD511B67C45D004F2BAF</string>
				<string>7ED5BD5B1B67C4F7004F2BAF</string>
				<string>7ED5BD5C1B67C4F7004F2BAF</string>
			</array>
			<key>isa</key>
			<string>PBXGroup</string>
			<key>path</key>
			<string>Error</string>
			<key>sourceTree</key>
			<string>&lt;group&gt;</string>
		</dict>
		<key>7EFDD7C81B55514400430942</key>
		<dict>
			<key>fileEncoding</key>
			<string>4</string>
			<key>isa</key>
			<string>PBXFileReference</string>
			<key>lastKnownFileType</key>
			<string>sourcecode.c.h</string>
			<key>path</key>
			<string>HJXmppErrorBase.h</string>
			<key>sourceTree</key>
			<string>&lt;group&gt;</string>
		</dict>
		<key>7EFDD7C91B55514400430942</key>
		<dict>
			<key>fileEncoding</key>
			<string>4</string>
			<key>isa</key>
			<string>PBXFileReference</string>
			<key>lastKnownFileType</key>
			<string>sourcecode.c.objc</string>
			<key>path</key>
			<string>HJXmppErrorBase.m</string>
			<key>sourceTree</key>
			<string>&lt;group&gt;</string>
		</dict>
		<key>7EFDD7CA1B55514400430942</key>
		<dict>
			<key>fileRef</key>
			<string>7EFDD7C91B55514400430942</string>
			<key>isa</key>
			<string>PBXBuildFile</string>
		</dict>
		<key>7EFDD7CB1B55516200430942</key>
		<dict>
			<key>fileEncoding</key>
			<string>4</string>
			<key>isa</key>
			<string>PBXFileReference</string>
			<key>lastKnownFileType</key>
			<string>sourcecode.c.h</string>
			<key>path</key>
			<string>HJXmppErrorForHistory.h</string>
			<key>sourceTree</key>
			<string>&lt;group&gt;</string>
		</dict>
		<key>7EFDD7CC1B55516200430942</key>
		<dict>
			<key>fileEncoding</key>
			<string>4</string>
			<key>isa</key>
			<string>PBXFileReference</string>
			<key>lastKnownFileType</key>
			<string>sourcecode.c.objc</string>
			<key>path</key>
			<string>HJXmppErrorForHistory.m</string>
			<key>sourceTree</key>
			<string>&lt;group&gt;</string>
		</dict>
		<key>7EFDD7CD1B55516200430942</key>
		<dict>
			<key>fileRef</key>
			<string>7EFDD7CC1B55516200430942</string>
			<key>isa</key>
			<string>PBXBuildFile</string>
		</dict>
		<key>A02369FE81B35869079C7B87</key>
		<dict>
			<key>includeInIndex</key>
			<string>1</string>
			<key>isa</key>
			<string>PBXFileReference</string>
			<key>lastKnownFileType</key>
			<string>text.xcconfig</string>
			<key>name</key>
			<string>Pods-HLJXmppWebSocket.debug.xcconfig</string>
			<key>path</key>
			<string>../../app/HealthJoy/Pods/Target Support Files/Pods-HLJXmppWebSocket/Pods-HLJXmppWebSocket.debug.xcconfig</string>
			<key>sourceTree</key>
			<string>&lt;group&gt;</string>
		</dict>
		<key>DE17CF539653B721139C41BD</key>
		<dict>
			<key>fileRef</key>
			<string>05F9F6BCD3CAF5CAF470B13B</string>
			<key>isa</key>
			<string>PBXBuildFile</string>
		</dict>
		<key>F29129BF06345B8F2668ED5C</key>
		<dict>
			<key>includeInIndex</key>
			<string>1</string>
			<key>isa</key>
			<string>PBXFileReference</string>
			<key>lastKnownFileType</key>
			<string>text.xcconfig</string>
			<key>name</key>
			<string>Pods-HLJXmppWebSocket.release.xcconfig</string>
			<key>path</key>
			<string>../../app/HealthJoy/Pods/Target Support Files/Pods-HLJXmppWebSocket/Pods-HLJXmppWebSocket.release.xcconfig</string>
			<key>sourceTree</key>
			<string>&lt;group&gt;</string>
		</dict>
		<key>FE6A32A71B9D1C164E2DCD12</key>
		<dict>
			<key>children</key>
			<array>
				<string>05F9F6BCD3CAF5CAF470B13B</string>
			</array>
			<key>isa</key>
			<string>PBXGroup</string>
			<key>name</key>
			<string>Frameworks</string>
			<key>sourceTree</key>
			<string>&lt;group&gt;</string>
		</dict>
	</dict>
	<key>rootObject</key>
	<string>7E00D3681B4D68720031D045</string>
</dict>
</plist>
